{
  "object": {
    "pins": [
      {
        "package": "MyLibrary",
        "repositoryURL": "https://github.com/yura-voevodin/MyLibrary",
        "state": {
          "branch": "master",
          "revision": "f374c2f0c9093fb49ba67a24b938202f69ae1f68",
          "version": null
        }
      }
    ]
  },
  "version": 1
}
