// !$*UTF8*$!
{
	archiveVersion = 1;
	classes = {
	};
	objectVersion = 51;
	objects = {

/* Begin PBXBuildFile section */
		C22A2E551FC7644600587463 /* Record.swift in Sources */ = {isa = PBXBuildFile; fileRef = C22A2E541FC7644600587463 /* Record.swift */; };
		C22A2E581FC7664000587463 /* RecordEntity+CoreDataClass.swift in Sources */ = {isa = PBXBuildFile; fileRef = C22A2E561FC7664000587463 /* RecordEntity+CoreDataClass.swift */; };
		C22A2E591FC7664000587463 /* RecordEntity+CoreDataProperties.swift in Sources */ = {isa = PBXBuildFile; fileRef = C22A2E571FC7664000587463 /* RecordEntity+CoreDataProperties.swift */; };
		C250C1831FBCD1CA00C90B53 /* AboutUsTableViewController.swift in Sources */ = {isa = PBXBuildFile; fileRef = C250C1821FBCD1CA00C90B53 /* AboutUsTableViewController.swift */; };
		C280894B1FB8D54A002B5676 /* GroupEntity+CoreDataClass.swift in Sources */ = {isa = PBXBuildFile; fileRef = C28089491FB8D54A002B5676 /* GroupEntity+CoreDataClass.swift */; };
		C280894C1FB8D54A002B5676 /* GroupEntity+CoreDataProperties.swift in Sources */ = {isa = PBXBuildFile; fileRef = C280894A1FB8D54A002B5676 /* GroupEntity+CoreDataProperties.swift */; };
		C293559E1FBE246000071719 /* SearchResultsTableViewController.swift in Sources */ = {isa = PBXBuildFile; fileRef = C293559D1FBE246000071719 /* SearchResultsTableViewController.swift */; };
		C2B5CDF31EEF0E750066DB30 /* AppDelegate.swift in Sources */ = {isa = PBXBuildFile; fileRef = C2B5CDF21EEF0E750066DB30 /* AppDelegate.swift */; };
		C2B5CDF81EEF0E750066DB30 /* Main.storyboard in Resources */ = {isa = PBXBuildFile; fileRef = C2B5CDF61EEF0E750066DB30 /* Main.storyboard */; };
		C2B5CDFB1EEF0E750066DB30 /* Schedule.xcdatamodeld in Sources */ = {isa = PBXBuildFile; fileRef = C2B5CDF91EEF0E750066DB30 /* Schedule.xcdatamodeld */; };
		C2B5CDFD1EEF0E750066DB30 /* Assets.xcassets in Resources */ = {isa = PBXBuildFile; fileRef = C2B5CDFC1EEF0E750066DB30 /* Assets.xcassets */; };
		C2B5CE001EEF0E750066DB30 /* LaunchScreen.storyboard in Resources */ = {isa = PBXBuildFile; fileRef = C2B5CDFE1EEF0E750066DB30 /* LaunchScreen.storyboard */; };
		C2B922C32003DB6E001A8E1D /* HistoryTableViewController.swift in Sources */ = {isa = PBXBuildFile; fileRef = C2B922C22003DB6D001A8E1D /* HistoryTableViewController.swift */; };
		C2C0E9B01FB8CDA00012FA9C /* Group.swift in Sources */ = {isa = PBXBuildFile; fileRef = C2C0E9AF1FB8CDA00012FA9C /* Group.swift */; };
		DE162A8821988CEB000ED4B3 /* SearchTableViewController.swift in Sources */ = {isa = PBXBuildFile; fileRef = DE162A8721988CEB000ED4B3 /* SearchTableViewController.swift */; };
		DE18941921BC349400C7F9DB /* Record+NetworkClient.swift in Sources */ = {isa = PBXBuildFile; fileRef = DE18941821BC349400C7F9DB /* Record+NetworkClient.swift */; };
		DE18941C21BC3A3900C7F9DB /* GroupScheduleTableViewController.swift in Sources */ = {isa = PBXBuildFile; fileRef = DE18941B21BC3A3900C7F9DB /* GroupScheduleTableViewController.swift */; };
		DE18941E21BC3AD100C7F9DB /* AuditoriumScheduleTableViewController.swift in Sources */ = {isa = PBXBuildFile; fileRef = DE18941D21BC3AD100C7F9DB /* AuditoriumScheduleTableViewController.swift */; };
		DE18942021BD457F00C7F9DB /* ImportForGroup.swift in Sources */ = {isa = PBXBuildFile; fileRef = DE18941F21BD457F00C7F9DB /* ImportForGroup.swift */; };
		DE18942221BD45E600C7F9DB /* ImportForAuditorium.swift in Sources */ = {isa = PBXBuildFile; fileRef = DE18942121BD45E600C7F9DB /* ImportForAuditorium.swift */; };
		DE3A66342200C94A00E64D6C /* GroupHistoryDataSource.swift in Sources */ = {isa = PBXBuildFile; fileRef = DE3A66332200C94A00E64D6C /* GroupHistoryDataSource.swift */; };
		DE3A66362200CA9200E64D6C /* AuditoriumHistoryDataSource.swift in Sources */ = {isa = PBXBuildFile; fileRef = DE3A66352200CA9200E64D6C /* AuditoriumHistoryDataSource.swift */; };
		DE3A6638220230D800E64D6C /* Collection.swift in Sources */ = {isa = PBXBuildFile; fileRef = DE3A6637220230D800E64D6C /* Collection.swift */; };
		DE3B565D21823912008A77D1 /* Colors.xcassets in Resources */ = {isa = PBXBuildFile; fileRef = DE3B565C21823912008A77D1 /* Colors.xcassets */; };
		DE3B566021823A97008A77D1 /* UIColor.swift in Sources */ = {isa = PBXBuildFile; fileRef = DE3B565F21823A97008A77D1 /* UIColor.swift */; };
		DE45CD0C224BDD7600B54A60 /* SearchViewController.swift in Sources */ = {isa = PBXBuildFile; fileRef = DE45CD0B224BDD7600B54A60 /* SearchViewController.swift */; };
		DE45CD0F224BDFF400B54A60 /* GroupsViewController.swift in Sources */ = {isa = PBXBuildFile; fileRef = DE45CD0E224BDFF400B54A60 /* GroupsViewController.swift */; };
		DE45CD11224BE4C000B54A60 /* AuditoriumsViewController.swift in Sources */ = {isa = PBXBuildFile; fileRef = DE45CD10224BE4C000B54A60 /* AuditoriumsViewController.swift */; };
		DE45CD15224BE5D600B54A60 /* GenericTableDelegateViewController.swift in Sources */ = {isa = PBXBuildFile; fileRef = DE45CD14224BE5D600B54A60 /* GenericTableDelegateViewController.swift */; };
		DE45CD17224BE62100B54A60 /* TeachersViewController.swift in Sources */ = {isa = PBXBuildFile; fileRef = DE45CD16224BE62100B54A60 /* TeachersViewController.swift */; };
		DE45CD1C224BE6CE00B54A60 /* Search.storyboard in Resources */ = {isa = PBXBuildFile; fileRef = DE45CD1B224BE6CE00B54A60 /* Search.storyboard */; };
		DE4AA07121A5DF0500E06FEA /* AuditoriumDataSource.swift in Sources */ = {isa = PBXBuildFile; fileRef = DE4AA07021A5DF0500E06FEA /* AuditoriumDataSource.swift */; };
		DE4AA07321A5E31900E06FEA /* GroupDataSource.swift in Sources */ = {isa = PBXBuildFile; fileRef = DE4AA07221A5E31900E06FEA /* GroupDataSource.swift */; };
		DE540EBD2215CC5B0092FC81 /* TeacherEntity+CoreDataClass.swift in Sources */ = {isa = PBXBuildFile; fileRef = DE540EBB2215CC5B0092FC81 /* TeacherEntity+CoreDataClass.swift */; };
		DE540EBE2215CC5B0092FC81 /* TeacherEntity+CoreDataProperties.swift in Sources */ = {isa = PBXBuildFile; fileRef = DE540EBC2215CC5B0092FC81 /* TeacherEntity+CoreDataProperties.swift */; };
		DE540EC02215CD840092FC81 /* Teacher+Import.swift in Sources */ = {isa = PBXBuildFile; fileRef = DE540EBF2215CD840092FC81 /* Teacher+Import.swift */; };
		DE540EC22215CDCD0092FC81 /* Teacher+NetworkClient.swift in Sources */ = {isa = PBXBuildFile; fileRef = DE540EC12215CDCD0092FC81 /* Teacher+NetworkClient.swift */; };
		DE540EC42215CF9F0092FC81 /* TeacherDataSource.swift in Sources */ = {isa = PBXBuildFile; fileRef = DE540EC32215CF9F0092FC81 /* TeacherDataSource.swift */; };
		DE540EC62215D7600092FC81 /* TeacherHistoryDataSource.swift in Sources */ = {isa = PBXBuildFile; fileRef = DE540EC52215D7600092FC81 /* TeacherHistoryDataSource.swift */; };
		DE540EC82215DDB40092FC81 /* TeacherScheduleTableViewController.swift in Sources */ = {isa = PBXBuildFile; fileRef = DE540EC72215DDB40092FC81 /* TeacherScheduleTableViewController.swift */; };
		DE540ECA2215DEC40092FC81 /* ImportForTeacher.swift in Sources */ = {isa = PBXBuildFile; fileRef = DE540EC92215DEC40092FC81 /* ImportForTeacher.swift */; };
		DE584C54219860E80099415E /* Auditorium.swift in Sources */ = {isa = PBXBuildFile; fileRef = DE584C53219860E80099415E /* Auditorium.swift */; };
		DE584C562198615F0099415E /* Teacher.swift in Sources */ = {isa = PBXBuildFile; fileRef = DE584C552198615F0099415E /* Teacher.swift */; };
		DE584C5C219869990099415E /* Auditorium+Import.swift in Sources */ = {isa = PBXBuildFile; fileRef = DE584C5B219869990099415E /* Auditorium+Import.swift */; };
		DE584C5F21986E740099415E /* AuditoriumEntity+CoreDataClass.swift in Sources */ = {isa = PBXBuildFile; fileRef = DE584C5D21986E740099415E /* AuditoriumEntity+CoreDataClass.swift */; };
		DE584C6021986E740099415E /* AuditoriumEntity+CoreDataProperties.swift in Sources */ = {isa = PBXBuildFile; fileRef = DE584C5E21986E740099415E /* AuditoriumEntity+CoreDataProperties.swift */; };
		DE5A7E932219CCBF00CA9A79 /* RecordDetailedTableViewController.swift in Sources */ = {isa = PBXBuildFile; fileRef = DE5A7E922219CCBF00CA9A79 /* RecordDetailedTableViewController.swift */; };
		DE7AF21D22550B9D0043E927 /* WebViewController.swift in Sources */ = {isa = PBXBuildFile; fileRef = DE7AF21C22550B9D0043E927 /* WebViewController.swift */; };
		DE8B668121CAC91C00C43F81 /* Group+Import.swift in Sources */ = {isa = PBXBuildFile; fileRef = DE8B668021CAC91C00C43F81 /* Group+Import.swift */; };
		DE8B668321CACDF800C43F81 /* Auditorium+NetworkClient.swift in Sources */ = {isa = PBXBuildFile; fileRef = DE8B668221CACDF800C43F81 /* Auditorium+NetworkClient.swift */; };
		DE8B668521CACE5600C43F81 /* Group+NetworkClient.swift in Sources */ = {isa = PBXBuildFile; fileRef = DE8B668421CACE5600C43F81 /* Group+NetworkClient.swift */; };
		DEDA50EA21862091006C7B27 /* InfoPlist.strings in Resources */ = {isa = PBXBuildFile; fileRef = DEDA50E821862090006C7B27 /* InfoPlist.strings */; };
		DEDA50ED218620E0006C7B27 /* Localizable.strings in Resources */ = {isa = PBXBuildFile; fileRef = DEDA50EB218620E0006C7B27 /* Localizable.strings */; };
		DEEEEBE02205BC2C0072A19A /* Settings.swift in Sources */ = {isa = PBXBuildFile; fileRef = DEEEEBDF2205BC2C0072A19A /* Settings.swift */; };
/* End PBXBuildFile section */

/* Begin PBXFileReference section */
		C22A2E541FC7644600587463 /* Record.swift */ = {isa = PBXFileReference; lastKnownFileType = sourcecode.swift; path = Record.swift; sourceTree = "<group>"; };
		C22A2E561FC7664000587463 /* RecordEntity+CoreDataClass.swift */ = {isa = PBXFileReference; lastKnownFileType = sourcecode.swift; path = "RecordEntity+CoreDataClass.swift"; sourceTree = "<group>"; };
		C22A2E571FC7664000587463 /* RecordEntity+CoreDataProperties.swift */ = {isa = PBXFileReference; lastKnownFileType = sourcecode.swift; path = "RecordEntity+CoreDataProperties.swift"; sourceTree = "<group>"; };
		C250C1821FBCD1CA00C90B53 /* AboutUsTableViewController.swift */ = {isa = PBXFileReference; lastKnownFileType = sourcecode.swift; path = AboutUsTableViewController.swift; sourceTree = "<group>"; };
		C28089491FB8D54A002B5676 /* GroupEntity+CoreDataClass.swift */ = {isa = PBXFileReference; lastKnownFileType = sourcecode.swift; path = "GroupEntity+CoreDataClass.swift"; sourceTree = "<group>"; };
		C280894A1FB8D54A002B5676 /* GroupEntity+CoreDataProperties.swift */ = {isa = PBXFileReference; lastKnownFileType = sourcecode.swift; path = "GroupEntity+CoreDataProperties.swift"; sourceTree = "<group>"; };
		C293559D1FBE246000071719 /* SearchResultsTableViewController.swift */ = {isa = PBXFileReference; lastKnownFileType = sourcecode.swift; path = SearchResultsTableViewController.swift; sourceTree = "<group>"; };
		C2B5CDEF1EEF0E750066DB30 /* My University.app */ = {isa = PBXFileReference; explicitFileType = wrapper.application; includeInIndex = 0; path = "My University.app"; sourceTree = BUILT_PRODUCTS_DIR; };
		C2B5CDF21EEF0E750066DB30 /* AppDelegate.swift */ = {isa = PBXFileReference; lastKnownFileType = sourcecode.swift; path = AppDelegate.swift; sourceTree = "<group>"; };
		C2B5CDF71EEF0E750066DB30 /* Base */ = {isa = PBXFileReference; lastKnownFileType = file.storyboard; name = Base; path = Base.lproj/Main.storyboard; sourceTree = "<group>"; };
		C2B5CDFA1EEF0E750066DB30 /* Schedule.xcdatamodel */ = {isa = PBXFileReference; lastKnownFileType = wrapper.xcdatamodel; path = Schedule.xcdatamodel; sourceTree = "<group>"; };
		C2B5CDFC1EEF0E750066DB30 /* Assets.xcassets */ = {isa = PBXFileReference; lastKnownFileType = folder.assetcatalog; path = Assets.xcassets; sourceTree = "<group>"; };
		C2B5CDFF1EEF0E750066DB30 /* Base */ = {isa = PBXFileReference; lastKnownFileType = file.storyboard; name = Base; path = Base.lproj/LaunchScreen.storyboard; sourceTree = "<group>"; };
		C2B5CE011EEF0E750066DB30 /* Info.plist */ = {isa = PBXFileReference; lastKnownFileType = text.plist.xml; path = Info.plist; sourceTree = "<group>"; };
		C2B922C22003DB6D001A8E1D /* HistoryTableViewController.swift */ = {isa = PBXFileReference; lastKnownFileType = sourcecode.swift; path = HistoryTableViewController.swift; sourceTree = "<group>"; };
		C2C0E9AF1FB8CDA00012FA9C /* Group.swift */ = {isa = PBXFileReference; lastKnownFileType = sourcecode.swift; path = Group.swift; sourceTree = "<group>"; };
		DE066B242185003A0054DC03 /* uk */ = {isa = PBXFileReference; lastKnownFileType = text.plist.strings; name = uk; path = uk.lproj/LaunchScreen.strings; sourceTree = "<group>"; };
		DE066B252185003A0054DC03 /* uk */ = {isa = PBXFileReference; lastKnownFileType = text.plist.strings; name = uk; path = uk.lproj/Main.strings; sourceTree = "<group>"; };
		DE162A8721988CEB000ED4B3 /* SearchTableViewController.swift */ = {isa = PBXFileReference; lastKnownFileType = sourcecode.swift; path = SearchTableViewController.swift; sourceTree = "<group>"; };
		DE18941821BC349400C7F9DB /* Record+NetworkClient.swift */ = {isa = PBXFileReference; lastKnownFileType = sourcecode.swift; path = "Record+NetworkClient.swift"; sourceTree = "<group>"; };
		DE18941B21BC3A3900C7F9DB /* GroupScheduleTableViewController.swift */ = {isa = PBXFileReference; fileEncoding = 4; lastKnownFileType = sourcecode.swift; path = GroupScheduleTableViewController.swift; sourceTree = "<group>"; };
		DE18941D21BC3AD100C7F9DB /* AuditoriumScheduleTableViewController.swift */ = {isa = PBXFileReference; lastKnownFileType = sourcecode.swift; path = AuditoriumScheduleTableViewController.swift; sourceTree = "<group>"; };
		DE18941F21BD457F00C7F9DB /* ImportForGroup.swift */ = {isa = PBXFileReference; lastKnownFileType = sourcecode.swift; path = ImportForGroup.swift; sourceTree = "<group>"; };
		DE18942121BD45E600C7F9DB /* ImportForAuditorium.swift */ = {isa = PBXFileReference; lastKnownFileType = sourcecode.swift; path = ImportForAuditorium.swift; sourceTree = "<group>"; };
		DE3A66332200C94A00E64D6C /* GroupHistoryDataSource.swift */ = {isa = PBXFileReference; lastKnownFileType = sourcecode.swift; path = GroupHistoryDataSource.swift; sourceTree = "<group>"; };
		DE3A66352200CA9200E64D6C /* AuditoriumHistoryDataSource.swift */ = {isa = PBXFileReference; lastKnownFileType = sourcecode.swift; path = AuditoriumHistoryDataSource.swift; sourceTree = "<group>"; };
		DE3A6637220230D800E64D6C /* Collection.swift */ = {isa = PBXFileReference; lastKnownFileType = sourcecode.swift; path = Collection.swift; sourceTree = "<group>"; };
		DE3B565C21823912008A77D1 /* Colors.xcassets */ = {isa = PBXFileReference; lastKnownFileType = folder.assetcatalog; path = Colors.xcassets; sourceTree = "<group>"; };
		DE3B565F21823A97008A77D1 /* UIColor.swift */ = {isa = PBXFileReference; lastKnownFileType = sourcecode.swift; path = UIColor.swift; sourceTree = "<group>"; };
		DE45CD0B224BDD7600B54A60 /* SearchViewController.swift */ = {isa = PBXFileReference; lastKnownFileType = sourcecode.swift; path = SearchViewController.swift; sourceTree = "<group>"; };
		DE45CD0E224BDFF400B54A60 /* GroupsViewController.swift */ = {isa = PBXFileReference; lastKnownFileType = sourcecode.swift; path = GroupsViewController.swift; sourceTree = "<group>"; };
		DE45CD10224BE4C000B54A60 /* AuditoriumsViewController.swift */ = {isa = PBXFileReference; lastKnownFileType = sourcecode.swift; path = AuditoriumsViewController.swift; sourceTree = "<group>"; };
		DE45CD14224BE5D600B54A60 /* GenericTableDelegateViewController.swift */ = {isa = PBXFileReference; lastKnownFileType = sourcecode.swift; path = GenericTableDelegateViewController.swift; sourceTree = "<group>"; };
		DE45CD16224BE62100B54A60 /* TeachersViewController.swift */ = {isa = PBXFileReference; lastKnownFileType = sourcecode.swift; path = TeachersViewController.swift; sourceTree = "<group>"; };
		DE45CD1B224BE6CE00B54A60 /* Search.storyboard */ = {isa = PBXFileReference; fileEncoding = 4; lastKnownFileType = file.storyboard; path = Search.storyboard; sourceTree = "<group>"; };
		DE4AA07021A5DF0500E06FEA /* AuditoriumDataSource.swift */ = {isa = PBXFileReference; lastKnownFileType = sourcecode.swift; path = AuditoriumDataSource.swift; sourceTree = "<group>"; };
		DE4AA07221A5E31900E06FEA /* GroupDataSource.swift */ = {isa = PBXFileReference; lastKnownFileType = sourcecode.swift; path = GroupDataSource.swift; sourceTree = "<group>"; };
		DE540EBB2215CC5B0092FC81 /* TeacherEntity+CoreDataClass.swift */ = {isa = PBXFileReference; lastKnownFileType = sourcecode.swift; path = "TeacherEntity+CoreDataClass.swift"; sourceTree = "<group>"; };
		DE540EBC2215CC5B0092FC81 /* TeacherEntity+CoreDataProperties.swift */ = {isa = PBXFileReference; lastKnownFileType = sourcecode.swift; path = "TeacherEntity+CoreDataProperties.swift"; sourceTree = "<group>"; };
		DE540EBF2215CD840092FC81 /* Teacher+Import.swift */ = {isa = PBXFileReference; lastKnownFileType = sourcecode.swift; path = "Teacher+Import.swift"; sourceTree = "<group>"; };
		DE540EC12215CDCD0092FC81 /* Teacher+NetworkClient.swift */ = {isa = PBXFileReference; lastKnownFileType = sourcecode.swift; path = "Teacher+NetworkClient.swift"; sourceTree = "<group>"; };
		DE540EC32215CF9F0092FC81 /* TeacherDataSource.swift */ = {isa = PBXFileReference; lastKnownFileType = sourcecode.swift; path = TeacherDataSource.swift; sourceTree = "<group>"; };
		DE540EC52215D7600092FC81 /* TeacherHistoryDataSource.swift */ = {isa = PBXFileReference; lastKnownFileType = sourcecode.swift; path = TeacherHistoryDataSource.swift; sourceTree = "<group>"; };
		DE540EC72215DDB40092FC81 /* TeacherScheduleTableViewController.swift */ = {isa = PBXFileReference; lastKnownFileType = sourcecode.swift; path = TeacherScheduleTableViewController.swift; sourceTree = "<group>"; };
		DE540EC92215DEC40092FC81 /* ImportForTeacher.swift */ = {isa = PBXFileReference; lastKnownFileType = sourcecode.swift; path = ImportForTeacher.swift; sourceTree = "<group>"; };
		DE584C52219852430099415E /* Schedule 2.xcdatamodel */ = {isa = PBXFileReference; lastKnownFileType = wrapper.xcdatamodel; path = "Schedule 2.xcdatamodel"; sourceTree = "<group>"; };
		DE584C53219860E80099415E /* Auditorium.swift */ = {isa = PBXFileReference; lastKnownFileType = sourcecode.swift; path = Auditorium.swift; sourceTree = "<group>"; };
		DE584C552198615F0099415E /* Teacher.swift */ = {isa = PBXFileReference; lastKnownFileType = sourcecode.swift; path = Teacher.swift; sourceTree = "<group>"; };
		DE584C5B219869990099415E /* Auditorium+Import.swift */ = {isa = PBXFileReference; lastKnownFileType = sourcecode.swift; path = "Auditorium+Import.swift"; sourceTree = "<group>"; };
		DE584C5D21986E740099415E /* AuditoriumEntity+CoreDataClass.swift */ = {isa = PBXFileReference; lastKnownFileType = sourcecode.swift; path = "AuditoriumEntity+CoreDataClass.swift"; sourceTree = "<group>"; };
		DE584C5E21986E740099415E /* AuditoriumEntity+CoreDataProperties.swift */ = {isa = PBXFileReference; lastKnownFileType = sourcecode.swift; path = "AuditoriumEntity+CoreDataProperties.swift"; sourceTree = "<group>"; };
		DE5A7E922219CCBF00CA9A79 /* RecordDetailedTableViewController.swift */ = {isa = PBXFileReference; lastKnownFileType = sourcecode.swift; path = RecordDetailedTableViewController.swift; sourceTree = "<group>"; };
		DE7AF21C22550B9D0043E927 /* WebViewController.swift */ = {isa = PBXFileReference; lastKnownFileType = sourcecode.swift; path = WebViewController.swift; sourceTree = "<group>"; };
		DE8B668021CAC91C00C43F81 /* Group+Import.swift */ = {isa = PBXFileReference; lastKnownFileType = sourcecode.swift; path = "Group+Import.swift"; sourceTree = "<group>"; };
		DE8B668221CACDF800C43F81 /* Auditorium+NetworkClient.swift */ = {isa = PBXFileReference; lastKnownFileType = sourcecode.swift; path = "Auditorium+NetworkClient.swift"; sourceTree = "<group>"; };
		DE8B668421CACE5600C43F81 /* Group+NetworkClient.swift */ = {isa = PBXFileReference; lastKnownFileType = sourcecode.swift; path = "Group+NetworkClient.swift"; sourceTree = "<group>"; };
		DEDA50E921862090006C7B27 /* uk */ = {isa = PBXFileReference; lastKnownFileType = text.plist.strings; name = uk; path = uk.lproj/InfoPlist.strings; sourceTree = "<group>"; };
		DEDA50EC218620E0006C7B27 /* uk */ = {isa = PBXFileReference; lastKnownFileType = text.plist.strings; name = uk; path = uk.lproj/Localizable.strings; sourceTree = "<group>"; };
		DEEEEBDF2205BC2C0072A19A /* Settings.swift */ = {isa = PBXFileReference; lastKnownFileType = sourcecode.swift; path = Settings.swift; sourceTree = "<group>"; };
/* End PBXFileReference section */

/* Begin PBXFrameworksBuildPhase section */
		C2B5CDEC1EEF0E750066DB30 /* Frameworks */ = {
			isa = PBXFrameworksBuildPhase;
			buildActionMask = 2147483647;
			files = (
			);
			runOnlyForDeploymentPostprocessing = 0;
		};
/* End PBXFrameworksBuildPhase section */

/* Begin PBXGroup section */
		C29FF4CE2002382500B50299 /* Networking */ = {
			isa = PBXGroup;
			children = (
				DE8B668221CACDF800C43F81 /* Auditorium+NetworkClient.swift */,
				DE8B668421CACE5600C43F81 /* Group+NetworkClient.swift */,
				DE18941821BC349400C7F9DB /* Record+NetworkClient.swift */,
				DE540EC12215CDCD0092FC81 /* Teacher+NetworkClient.swift */,
			);
			name = Networking;
			sourceTree = "<group>";
		};
		C2B5CDE61EEF0E750066DB30 = {
			isa = PBXGroup;
			children = (
				C2B5CDF11EEF0E750066DB30 /* My University */,
				C2B5CDF01EEF0E750066DB30 /* Products */,
			);
			sourceTree = "<group>";
		};
		C2B5CDF01EEF0E750066DB30 /* Products */ = {
			isa = PBXGroup;
			children = (
				C2B5CDEF1EEF0E750066DB30 /* My University.app */,
			);
			name = Products;
			sourceTree = "<group>";
		};
		C2B5CDF11EEF0E750066DB30 /* My University */ = {
			isa = PBXGroup;
			children = (
				DE472C7321B84313003AE86D /* About Us */,
				C2B5CDF21EEF0E750066DB30 /* AppDelegate.swift */,
				C2B5CE2B1EF06E3A0066DB30 /* Core Data */,
				DE3B565E21823A7F008A77D1 /* Extensions */,
				DE472C7221B842A2003AE86D /* History */,
				C2C76A2C200243BD00BFF3D4 /* Import */,
				C29FF4CE2002382500B50299 /* Networking */,
				DE472C7421B84328003AE86D /* Schedule */,
				DE4AA06F21A5DEDC00E06FEA /* Search */,
				C2B5CE291EF06DFC0066DB30 /* Storyboards */,
				C2C0E9AE1FB8CD870012FA9C /* Structures */,
				C2B5CE2A1EF06E0E0066DB30 /* Supporting Files */,
			);
			path = "My University";
			sourceTree = "<group>";
		};
		C2B5CE291EF06DFC0066DB30 /* Storyboards */ = {
			isa = PBXGroup;
			children = (
				C2B5CDFE1EEF0E750066DB30 /* LaunchScreen.storyboard */,
				C2B5CDF61EEF0E750066DB30 /* Main.storyboard */,
			);
			name = Storyboards;
			sourceTree = "<group>";
		};
		C2B5CE2A1EF06E0E0066DB30 /* Supporting Files */ = {
			isa = PBXGroup;
			children = (
				C2B5CDFC1EEF0E750066DB30 /* Assets.xcassets */,
				DE3B565C21823912008A77D1 /* Colors.xcassets */,
				C2B5CE011EEF0E750066DB30 /* Info.plist */,
				DEDA50EB218620E0006C7B27 /* Localizable.strings */,
				DEDA50E821862090006C7B27 /* InfoPlist.strings */,
			);
			name = "Supporting Files";
			sourceTree = "<group>";
		};
		C2B5CE2B1EF06E3A0066DB30 /* Core Data */ = {
			isa = PBXGroup;
			children = (
				DE584C5D21986E740099415E /* AuditoriumEntity+CoreDataClass.swift */,
				DE584C5E21986E740099415E /* AuditoriumEntity+CoreDataProperties.swift */,
				C28089491FB8D54A002B5676 /* GroupEntity+CoreDataClass.swift */,
				C280894A1FB8D54A002B5676 /* GroupEntity+CoreDataProperties.swift */,
				C22A2E561FC7664000587463 /* RecordEntity+CoreDataClass.swift */,
				C22A2E571FC7664000587463 /* RecordEntity+CoreDataProperties.swift */,
				DE540EBB2215CC5B0092FC81 /* TeacherEntity+CoreDataClass.swift */,
				DE540EBC2215CC5B0092FC81 /* TeacherEntity+CoreDataProperties.swift */,
				C2B5CDF91EEF0E750066DB30 /* Schedule.xcdatamodeld */,
			);
			name = "Core Data";
			sourceTree = "<group>";
		};
		C2C0E9AE1FB8CD870012FA9C /* Structures */ = {
			isa = PBXGroup;
			children = (
				DE584C53219860E80099415E /* Auditorium.swift */,
				C2C0E9AF1FB8CDA00012FA9C /* Group.swift */,
				DE584C552198615F0099415E /* Teacher.swift */,
				C22A2E541FC7644600587463 /* Record.swift */,
				DEEEEBDF2205BC2C0072A19A /* Settings.swift */,
			);
			name = Structures;
			sourceTree = "<group>";
		};
		C2C76A2C200243BD00BFF3D4 /* Import */ = {
			isa = PBXGroup;
			children = (
				DE584C5B219869990099415E /* Auditorium+Import.swift */,
				DE8B668021CAC91C00C43F81 /* Group+Import.swift */,
				DE540EBF2215CD840092FC81 /* Teacher+Import.swift */,
				DE18941721BC336700C7F9DB /* Record */,
			);
			name = Import;
			sourceTree = "<group>";
		};
		DE18941721BC336700C7F9DB /* Record */ = {
			isa = PBXGroup;
			children = (
				DE18942121BD45E600C7F9DB /* ImportForAuditorium.swift */,
				DE18941F21BD457F00C7F9DB /* ImportForGroup.swift */,
				DE540EC92215DEC40092FC81 /* ImportForTeacher.swift */,
			);
			name = Record;
			sourceTree = "<group>";
		};
		DE3B565E21823A7F008A77D1 /* Extensions */ = {
			isa = PBXGroup;
			children = (
				DE3B565F21823A97008A77D1 /* UIColor.swift */,
				DE3A6637220230D800E64D6C /* Collection.swift */,
			);
			name = Extensions;
			sourceTree = "<group>";
		};
		DE45CD0D224BDFCC00B54A60 /* Groups */ = {
			isa = PBXGroup;
			children = (
				DE45CD0E224BDFF400B54A60 /* GroupsViewController.swift */,
				DE4AA07221A5E31900E06FEA /* GroupDataSource.swift */,
			);
			name = Groups;
			sourceTree = "<group>";
		};
		DE45CD12224BE50300B54A60 /* Auditoriums */ = {
			isa = PBXGroup;
			children = (
				DE45CD10224BE4C000B54A60 /* AuditoriumsViewController.swift */,
				DE4AA07021A5DF0500E06FEA /* AuditoriumDataSource.swift */,
			);
			name = Auditoriums;
			sourceTree = "<group>";
		};
		DE45CD13224BE54000B54A60 /* Teachers */ = {
			isa = PBXGroup;
			children = (
				DE540EC32215CF9F0092FC81 /* TeacherDataSource.swift */,
				DE45CD16224BE62100B54A60 /* TeachersViewController.swift */,
			);
			name = Teachers;
			sourceTree = "<group>";
		};
		DE45CD1D224BE6E800B54A60 /* Storyboard */ = {
			isa = PBXGroup;
			children = (
				DE45CD1B224BE6CE00B54A60 /* Search.storyboard */,
			);
			name = Storyboard;
			sourceTree = "<group>";
		};
		DE472C7221B842A2003AE86D /* History */ = {
			isa = PBXGroup;
			children = (
				DE3A66352200CA9200E64D6C /* AuditoriumHistoryDataSource.swift */,
				DE3A66332200C94A00E64D6C /* GroupHistoryDataSource.swift */,
				C2B922C22003DB6D001A8E1D /* HistoryTableViewController.swift */,
				DE540EC52215D7600092FC81 /* TeacherHistoryDataSource.swift */,
			);
			name = History;
			sourceTree = "<group>";
		};
		DE472C7321B84313003AE86D /* About Us */ = {
			isa = PBXGroup;
			children = (
				C250C1821FBCD1CA00C90B53 /* AboutUsTableViewController.swift */,
				DE7AF21C22550B9D0043E927 /* WebViewController.swift */,
			);
			name = "About Us";
			sourceTree = "<group>";
		};
		DE472C7421B84328003AE86D /* Schedule */ = {
			isa = PBXGroup;
			children = (
				DE18941D21BC3AD100C7F9DB /* AuditoriumScheduleTableViewController.swift */,
				DE18941B21BC3A3900C7F9DB /* GroupScheduleTableViewController.swift */,
				DE540EC72215DDB40092FC81 /* TeacherScheduleTableViewController.swift */,
				DE5A7E922219CCBF00CA9A79 /* RecordDetailedTableViewController.swift */,
			);
			name = Schedule;
			sourceTree = "<group>";
		};
		DE4AA06F21A5DEDC00E06FEA /* Search */ = {
			isa = PBXGroup;
			children = (
				DE45CD1D224BE6E800B54A60 /* Storyboard */,
				DE45CD12224BE50300B54A60 /* Auditoriums */,
				DE45CD0D224BDFCC00B54A60 /* Groups */,
				C293559D1FBE246000071719 /* SearchResultsTableViewController.swift */,
				DE162A8721988CEB000ED4B3 /* SearchTableViewController.swift */,
				DE45CD0B224BDD7600B54A60 /* SearchViewController.swift */,
				DE45CD13224BE54000B54A60 /* Teachers */,
				DE45CD14224BE5D600B54A60 /* GenericTableDelegateViewController.swift */,
			);
			name = Search;
			sourceTree = "<group>";
		};
/* End PBXGroup section */

/* Begin PBXNativeTarget section */
		C2B5CDEE1EEF0E750066DB30 /* My University */ = {
			isa = PBXNativeTarget;
			buildConfigurationList = C2B5CE041EEF0E750066DB30 /* Build configuration list for PBXNativeTarget "My University" */;
			buildPhases = (
				C2B5CDEB1EEF0E750066DB30 /* Sources */,
				C2B5CDEC1EEF0E750066DB30 /* Frameworks */,
				C2B5CDED1EEF0E750066DB30 /* Resources */,
			);
			buildRules = (
			);
			dependencies = (
			);
			name = "My University";
			productName = Schedule;
			productReference = C2B5CDEF1EEF0E750066DB30 /* My University.app */;
			productType = "com.apple.product-type.application";
		};
/* End PBXNativeTarget section */

/* Begin PBXProject section */
		C2B5CDE71EEF0E750066DB30 /* Project object */ = {
			isa = PBXProject;
			attributes = {
				LastSwiftUpdateCheck = 0830;
				LastUpgradeCheck = 1000;
				ORGANIZATIONNAME = "Yura Voevodin";
				TargetAttributes = {
					C2B5CDEE1EEF0E750066DB30 = {
						CreatedOnToolsVersion = 8.3.3;
						DevelopmentTeam = M2BF9ZE9NW;
						LastSwiftMigration = 1020;
						ProvisioningStyle = Automatic;
					};
				};
			};
			buildConfigurationList = C2B5CDEA1EEF0E750066DB30 /* Build configuration list for PBXProject "My University" */;
			compatibilityVersion = "Xcode 10.0";
			developmentRegion = en;
			hasScannedForEncodings = 0;
			knownRegions = (
				en,
				Base,
				uk,
			);
			mainGroup = C2B5CDE61EEF0E750066DB30;
			productRefGroup = C2B5CDF01EEF0E750066DB30 /* Products */;
			projectDirPath = "";
			projectRoot = "";
			targets = (
				C2B5CDEE1EEF0E750066DB30 /* My University */,
			);
		};
/* End PBXProject section */

/* Begin PBXResourcesBuildPhase section */
		C2B5CDED1EEF0E750066DB30 /* Resources */ = {
			isa = PBXResourcesBuildPhase;
			buildActionMask = 2147483647;
			files = (
				C2B5CE001EEF0E750066DB30 /* LaunchScreen.storyboard in Resources */,
				DEDA50ED218620E0006C7B27 /* Localizable.strings in Resources */,
				DE3B565D21823912008A77D1 /* Colors.xcassets in Resources */,
				C2B5CDFD1EEF0E750066DB30 /* Assets.xcassets in Resources */,
				DE45CD1C224BE6CE00B54A60 /* Search.storyboard in Resources */,
				C2B5CDF81EEF0E750066DB30 /* Main.storyboard in Resources */,
				DEDA50EA21862091006C7B27 /* InfoPlist.strings in Resources */,
			);
			runOnlyForDeploymentPostprocessing = 0;
		};
/* End PBXResourcesBuildPhase section */

/* Begin PBXSourcesBuildPhase section */
		C2B5CDEB1EEF0E750066DB30 /* Sources */ = {
			isa = PBXSourcesBuildPhase;
			buildActionMask = 2147483647;
			files = (
				DE18942221BD45E600C7F9DB /* ImportForAuditorium.swift in Sources */,
				C2B922C32003DB6E001A8E1D /* HistoryTableViewController.swift in Sources */,
				DE18941921BC349400C7F9DB /* Record+NetworkClient.swift in Sources */,
				DE540EC02215CD840092FC81 /* Teacher+Import.swift in Sources */,
				DE540EBE2215CC5B0092FC81 /* TeacherEntity+CoreDataProperties.swift in Sources */,
				C22A2E551FC7644600587463 /* Record.swift in Sources */,
				C2B5CDFB1EEF0E750066DB30 /* Schedule.xcdatamodeld in Sources */,
				C293559E1FBE246000071719 /* SearchResultsTableViewController.swift in Sources */,
				DE8B668121CAC91C00C43F81 /* Group+Import.swift in Sources */,
				C250C1831FBCD1CA00C90B53 /* AboutUsTableViewController.swift in Sources */,
				DE540EC82215DDB40092FC81 /* TeacherScheduleTableViewController.swift in Sources */,
				DE3B566021823A97008A77D1 /* UIColor.swift in Sources */,
				DE3A6638220230D800E64D6C /* Collection.swift in Sources */,
				DE45CD17224BE62100B54A60 /* TeachersViewController.swift in Sources */,
				DE540EBD2215CC5B0092FC81 /* TeacherEntity+CoreDataClass.swift in Sources */,
				DE584C54219860E80099415E /* Auditorium.swift in Sources */,
				DE540ECA2215DEC40092FC81 /* ImportForTeacher.swift in Sources */,
				DE45CD15224BE5D600B54A60 /* GenericTableDelegateViewController.swift in Sources */,
				DE584C5F21986E740099415E /* AuditoriumEntity+CoreDataClass.swift in Sources */,
				C280894C1FB8D54A002B5676 /* GroupEntity+CoreDataProperties.swift in Sources */,
				DE8B668521CACE5600C43F81 /* Group+NetworkClient.swift in Sources */,
				DE18941E21BC3AD100C7F9DB /* AuditoriumScheduleTableViewController.swift in Sources */,
				DE540EC22215CDCD0092FC81 /* Teacher+NetworkClient.swift in Sources */,
				DE540EC42215CF9F0092FC81 /* TeacherDataSource.swift in Sources */,
				DE7AF21D22550B9D0043E927 /* WebViewController.swift in Sources */,
				DE18942021BD457F00C7F9DB /* ImportForGroup.swift in Sources */,
				DE5A7E932219CCBF00CA9A79 /* RecordDetailedTableViewController.swift in Sources */,
				DE584C5C219869990099415E /* Auditorium+Import.swift in Sources */,
				DE540EC62215D7600092FC81 /* TeacherHistoryDataSource.swift in Sources */,
				DE3A66342200C94A00E64D6C /* GroupHistoryDataSource.swift in Sources */,
				DE45CD11224BE4C000B54A60 /* AuditoriumsViewController.swift in Sources */,
				DE4AA07121A5DF0500E06FEA /* AuditoriumDataSource.swift in Sources */,
				DE4AA07321A5E31900E06FEA /* GroupDataSource.swift in Sources */,
				DE584C562198615F0099415E /* Teacher.swift in Sources */,
				C2B5CDF31EEF0E750066DB30 /* AppDelegate.swift in Sources */,
				C2C0E9B01FB8CDA00012FA9C /* Group.swift in Sources */,
				DE3A66362200CA9200E64D6C /* AuditoriumHistoryDataSource.swift in Sources */,
				DE8B668321CACDF800C43F81 /* Auditorium+NetworkClient.swift in Sources */,
				C280894B1FB8D54A002B5676 /* GroupEntity+CoreDataClass.swift in Sources */,
				DEEEEBE02205BC2C0072A19A /* Settings.swift in Sources */,
				DE45CD0C224BDD7600B54A60 /* SearchViewController.swift in Sources */,
				DE584C6021986E740099415E /* AuditoriumEntity+CoreDataProperties.swift in Sources */,
				DE45CD0F224BDFF400B54A60 /* GroupsViewController.swift in Sources */,
				DE162A8821988CEB000ED4B3 /* SearchTableViewController.swift in Sources */,
				C22A2E581FC7664000587463 /* RecordEntity+CoreDataClass.swift in Sources */,
				DE18941C21BC3A3900C7F9DB /* GroupScheduleTableViewController.swift in Sources */,
				C22A2E591FC7664000587463 /* RecordEntity+CoreDataProperties.swift in Sources */,
			);
			runOnlyForDeploymentPostprocessing = 0;
		};
/* End PBXSourcesBuildPhase section */

/* Begin PBXVariantGroup section */
		C2B5CDF61EEF0E750066DB30 /* Main.storyboard */ = {
			isa = PBXVariantGroup;
			children = (
				C2B5CDF71EEF0E750066DB30 /* Base */,
				DE066B252185003A0054DC03 /* uk */,
			);
			name = Main.storyboard;
			sourceTree = "<group>";
		};
		C2B5CDFE1EEF0E750066DB30 /* LaunchScreen.storyboard */ = {
			isa = PBXVariantGroup;
			children = (
				C2B5CDFF1EEF0E750066DB30 /* Base */,
				DE066B242185003A0054DC03 /* uk */,
			);
			name = LaunchScreen.storyboard;
			sourceTree = "<group>";
		};
		DEDA50E821862090006C7B27 /* InfoPlist.strings */ = {
			isa = PBXVariantGroup;
			children = (
				DEDA50E921862090006C7B27 /* uk */,
			);
			name = InfoPlist.strings;
			sourceTree = "<group>";
		};
		DEDA50EB218620E0006C7B27 /* Localizable.strings */ = {
			isa = PBXVariantGroup;
			children = (
				DEDA50EC218620E0006C7B27 /* uk */,
			);
			name = Localizable.strings;
			sourceTree = "<group>";
		};
/* End PBXVariantGroup section */

/* Begin XCBuildConfiguration section */
		C2B5CE021EEF0E750066DB30 /* Debug */ = {
			isa = XCBuildConfiguration;
			buildSettings = {
				ALWAYS_SEARCH_USER_PATHS = NO;
				CLANG_ANALYZER_LOCALIZABILITY_NONLOCALIZED = YES;
				CLANG_ANALYZER_NONNULL = YES;
				CLANG_ANALYZER_NUMBER_OBJECT_CONVERSION = YES_AGGRESSIVE;
				CLANG_CXX_LANGUAGE_STANDARD = "gnu++0x";
				CLANG_CXX_LIBRARY = "libc++";
				CLANG_ENABLE_MODULES = YES;
				CLANG_ENABLE_OBJC_ARC = YES;
				CLANG_WARN_BLOCK_CAPTURE_AUTORELEASING = YES;
				CLANG_WARN_BOOL_CONVERSION = YES;
				CLANG_WARN_COMMA = YES;
				CLANG_WARN_CONSTANT_CONVERSION = YES;
				CLANG_WARN_DEPRECATED_OBJC_IMPLEMENTATIONS = YES;
				CLANG_WARN_DIRECT_OBJC_ISA_USAGE = YES_ERROR;
				CLANG_WARN_DOCUMENTATION_COMMENTS = YES;
				CLANG_WARN_EMPTY_BODY = YES;
				CLANG_WARN_ENUM_CONVERSION = YES;
				CLANG_WARN_INFINITE_RECURSION = YES;
				CLANG_WARN_INT_CONVERSION = YES;
				CLANG_WARN_NON_LITERAL_NULL_CONVERSION = YES;
				CLANG_WARN_OBJC_IMPLICIT_RETAIN_SELF = YES;
				CLANG_WARN_OBJC_LITERAL_CONVERSION = YES;
				CLANG_WARN_OBJC_ROOT_CLASS = YES_ERROR;
				CLANG_WARN_RANGE_LOOP_ANALYSIS = YES;
				CLANG_WARN_STRICT_PROTOTYPES = YES;
				CLANG_WARN_SUSPICIOUS_MOVE = YES;
				CLANG_WARN_UNREACHABLE_CODE = YES;
				CLANG_WARN__DUPLICATE_METHOD_MATCH = YES;
				"CODE_SIGN_IDENTITY[sdk=iphoneos*]" = "iPhone Developer";
				COPY_PHASE_STRIP = NO;
				DEBUG_INFORMATION_FORMAT = dwarf;
				ENABLE_STRICT_OBJC_MSGSEND = YES;
				ENABLE_TESTABILITY = YES;
				GCC_C_LANGUAGE_STANDARD = gnu99;
				GCC_DYNAMIC_NO_PIC = NO;
				GCC_NO_COMMON_BLOCKS = YES;
				GCC_OPTIMIZATION_LEVEL = 0;
				GCC_PREPROCESSOR_DEFINITIONS = (
					"DEBUG=1",
					"$(inherited)",
				);
				GCC_WARN_64_TO_32_BIT_CONVERSION = YES;
				GCC_WARN_ABOUT_RETURN_TYPE = YES_ERROR;
				GCC_WARN_UNDECLARED_SELECTOR = YES;
				GCC_WARN_UNINITIALIZED_AUTOS = YES_AGGRESSIVE;
				GCC_WARN_UNUSED_FUNCTION = YES;
				GCC_WARN_UNUSED_VARIABLE = YES;
				IPHONEOS_DEPLOYMENT_TARGET = 11.1;
				MTL_ENABLE_DEBUG_INFO = YES;
				ONLY_ACTIVE_ARCH = YES;
				SDKROOT = iphoneos;
				SWIFT_ACTIVE_COMPILATION_CONDITIONS = DEBUG;
				SWIFT_OPTIMIZATION_LEVEL = "-Onone";
			};
			name = Debug;
		};
		C2B5CE031EEF0E750066DB30 /* Release */ = {
			isa = XCBuildConfiguration;
			buildSettings = {
				ALWAYS_SEARCH_USER_PATHS = NO;
				CLANG_ANALYZER_LOCALIZABILITY_NONLOCALIZED = YES;
				CLANG_ANALYZER_NONNULL = YES;
				CLANG_ANALYZER_NUMBER_OBJECT_CONVERSION = YES_AGGRESSIVE;
				CLANG_CXX_LANGUAGE_STANDARD = "gnu++0x";
				CLANG_CXX_LIBRARY = "libc++";
				CLANG_ENABLE_MODULES = YES;
				CLANG_ENABLE_OBJC_ARC = YES;
				CLANG_WARN_BLOCK_CAPTURE_AUTORELEASING = YES;
				CLANG_WARN_BOOL_CONVERSION = YES;
				CLANG_WARN_COMMA = YES;
				CLANG_WARN_CONSTANT_CONVERSION = YES;
				CLANG_WARN_DEPRECATED_OBJC_IMPLEMENTATIONS = YES;
				CLANG_WARN_DIRECT_OBJC_ISA_USAGE = YES_ERROR;
				CLANG_WARN_DOCUMENTATION_COMMENTS = YES;
				CLANG_WARN_EMPTY_BODY = YES;
				CLANG_WARN_ENUM_CONVERSION = YES;
				CLANG_WARN_INFINITE_RECURSION = YES;
				CLANG_WARN_INT_CONVERSION = YES;
				CLANG_WARN_NON_LITERAL_NULL_CONVERSION = YES;
				CLANG_WARN_OBJC_IMPLICIT_RETAIN_SELF = YES;
				CLANG_WARN_OBJC_LITERAL_CONVERSION = YES;
				CLANG_WARN_OBJC_ROOT_CLASS = YES_ERROR;
				CLANG_WARN_RANGE_LOOP_ANALYSIS = YES;
				CLANG_WARN_STRICT_PROTOTYPES = YES;
				CLANG_WARN_SUSPICIOUS_MOVE = YES;
				CLANG_WARN_UNREACHABLE_CODE = YES;
				CLANG_WARN__DUPLICATE_METHOD_MATCH = YES;
				"CODE_SIGN_IDENTITY[sdk=iphoneos*]" = "iPhone Developer";
				COPY_PHASE_STRIP = NO;
				DEBUG_INFORMATION_FORMAT = "dwarf-with-dsym";
				ENABLE_NS_ASSERTIONS = NO;
				ENABLE_STRICT_OBJC_MSGSEND = YES;
				GCC_C_LANGUAGE_STANDARD = gnu99;
				GCC_NO_COMMON_BLOCKS = YES;
				GCC_WARN_64_TO_32_BIT_CONVERSION = YES;
				GCC_WARN_ABOUT_RETURN_TYPE = YES_ERROR;
				GCC_WARN_UNDECLARED_SELECTOR = YES;
				GCC_WARN_UNINITIALIZED_AUTOS = YES_AGGRESSIVE;
				GCC_WARN_UNUSED_FUNCTION = YES;
				GCC_WARN_UNUSED_VARIABLE = YES;
				IPHONEOS_DEPLOYMENT_TARGET = 11.1;
				MTL_ENABLE_DEBUG_INFO = NO;
				SDKROOT = iphoneos;
				SWIFT_COMPILATION_MODE = wholemodule;
				SWIFT_OPTIMIZATION_LEVEL = "-O";
				VALIDATE_PRODUCT = YES;
			};
			name = Release;
		};
		C2B5CE051EEF0E750066DB30 /* Debug */ = {
			isa = XCBuildConfiguration;
			buildSettings = {
				ASSETCATALOG_COMPILER_APPICON_NAME = AppIcon;
				DEVELOPMENT_TEAM = M2BF9ZE9NW;
				INFOPLIST_FILE = "$(SRCROOT)/My University/Info.plist";
				LD_RUNPATH_SEARCH_PATHS = (
					"$(inherited)",
					"@executable_path/Frameworks",
				);
				PRODUCT_BUNDLE_IDENTIFIER = "com.voevodin-yura.Schedule";
				PRODUCT_NAME = "$(TARGET_NAME)";
				SERVER_BASE_URL = "http://localhost:3000";
				SWIFT_VERSION = 5.0;
			};
			name = Debug;
		};
		C2B5CE061EEF0E750066DB30 /* Release */ = {
			isa = XCBuildConfiguration;
			buildSettings = {
				ASSETCATALOG_COMPILER_APPICON_NAME = AppIcon;
				DEVELOPMENT_TEAM = M2BF9ZE9NW;
				INFOPLIST_FILE = "$(SRCROOT)/My University/Info.plist";
				LD_RUNPATH_SEARCH_PATHS = (
					"$(inherited)",
					"@executable_path/Frameworks",
				);
				PRODUCT_BUNDLE_IDENTIFIER = "com.voevodin-yura.Schedule";
				PRODUCT_NAME = "$(TARGET_NAME)";
				SERVER_BASE_URL = "https://my-university.com.ua";
				SWIFT_VERSION = 5.0;
			};
			name = Release;
		};
/* End XCBuildConfiguration section */

/* Begin XCConfigurationList section */
		C2B5CDEA1EEF0E750066DB30 /* Build configuration list for PBXProject "My University" */ = {
			isa = XCConfigurationList;
			buildConfigurations = (
				C2B5CE021EEF0E750066DB30 /* Debug */,
				C2B5CE031EEF0E750066DB30 /* Release */,
			);
			defaultConfigurationIsVisible = 0;
			defaultConfigurationName = Release;
		};
		C2B5CE041EEF0E750066DB30 /* Build configuration list for PBXNativeTarget "My University" */ = {
			isa = XCConfigurationList;
			buildConfigurations = (
				C2B5CE051EEF0E750066DB30 /* Debug */,
				C2B5CE061EEF0E750066DB30 /* Release */,
			);
			defaultConfigurationIsVisible = 0;
			defaultConfigurationName = Release;
		};
/* End XCConfigurationList section */

/* Begin XCVersionGroup section */
		C2B5CDF91EEF0E750066DB30 /* Schedule.xcdatamodeld */ = {
			isa = XCVersionGroup;
			children = (
				DE584C52219852430099415E /* Schedule 2.xcdatamodel */,
				C2B5CDFA1EEF0E750066DB30 /* Schedule.xcdatamodel */,
			);
			currentVersion = DE584C52219852430099415E /* Schedule 2.xcdatamodel */;
			path = Schedule.xcdatamodeld;
			sourceTree = "<group>";
			versionGroupType = wrapper.xcdatamodel;
		};
/* End XCVersionGroup section */
	};
	rootObject = C2B5CDE71EEF0E750066DB30 /* Project object */;
}
