// !$*UTF8*$!
{
	archiveVersion = 1;
	classes = {
	};
	objectVersion = 51;
	objects = {

/* Begin PBXBuildFile section */
		C22A2E551FC7644600587463 /* Record.swift in Sources */ = {isa = PBXBuildFile; fileRef = C22A2E541FC7644600587463 /* Record.swift */; };
		C22A2E581FC7664000587463 /* RecordEntity+CoreDataClass.swift in Sources */ = {isa = PBXBuildFile; fileRef = C22A2E561FC7664000587463 /* RecordEntity+CoreDataClass.swift */; };
		C22A2E591FC7664000587463 /* RecordEntity+CoreDataProperties.swift in Sources */ = {isa = PBXBuildFile; fileRef = C22A2E571FC7664000587463 /* RecordEntity+CoreDataProperties.swift */; };
		C250C1831FBCD1CA00C90B53 /* AboutUsTableViewController.swift in Sources */ = {isa = PBXBuildFile; fileRef = C250C1821FBCD1CA00C90B53 /* AboutUsTableViewController.swift */; };
		C280894B1FB8D54A002B5676 /* GroupEntity+CoreDataClass.swift in Sources */ = {isa = PBXBuildFile; fileRef = C28089491FB8D54A002B5676 /* GroupEntity+CoreDataClass.swift */; };
		C280894C1FB8D54A002B5676 /* GroupEntity+CoreDataProperties.swift in Sources */ = {isa = PBXBuildFile; fileRef = C280894A1FB8D54A002B5676 /* GroupEntity+CoreDataProperties.swift */; };
		C293559E1FBE246000071719 /* SearchResultsTableViewController.swift in Sources */ = {isa = PBXBuildFile; fileRef = C293559D1FBE246000071719 /* SearchResultsTableViewController.swift */; };
		C2B5CDF31EEF0E750066DB30 /* AppDelegate.swift in Sources */ = {isa = PBXBuildFile; fileRef = C2B5CDF21EEF0E750066DB30 /* AppDelegate.swift */; };
		C2B5CDFB1EEF0E750066DB30 /* Schedule.xcdatamodeld in Sources */ = {isa = PBXBuildFile; fileRef = C2B5CDF91EEF0E750066DB30 /* Schedule.xcdatamodeld */; };
		C2B5CDFD1EEF0E750066DB30 /* Assets.xcassets in Resources */ = {isa = PBXBuildFile; fileRef = C2B5CDFC1EEF0E750066DB30 /* Assets.xcassets */; };
		C2C0E9B01FB8CDA00012FA9C /* Group.swift in Sources */ = {isa = PBXBuildFile; fileRef = C2C0E9AF1FB8CDA00012FA9C /* Group.swift */; };
		DE017F9523622B0D0046D3ED /* Preferences.storyboard in Resources */ = {isa = PBXBuildFile; fileRef = DE017F9423622B0D0046D3ED /* Preferences.storyboard */; };
		DE017F9723622BC70046D3ED /* PreferencesTableViewController.swift in Sources */ = {isa = PBXBuildFile; fileRef = DE017F9623622BC70046D3ED /* PreferencesTableViewController.swift */; };
		DE04D1F32370AA3200A18649 /* UserDefaultsKey.swift in Sources */ = {isa = PBXBuildFile; fileRef = DE04D1F22370AA3200A18649 /* UserDefaultsKey.swift */; };
		DE04D1F72370B79F00A18649 /* UpdateHelper.swift in Sources */ = {isa = PBXBuildFile; fileRef = DE04D1F62370B79F00A18649 /* UpdateHelper.swift */; };
		DE0D64082264E1330001FCCF /* UniversityViewController.swift in Sources */ = {isa = PBXBuildFile; fileRef = DE0D64072264E1330001FCCF /* UniversityViewController.swift */; };
		DE11A3B0230EA98B005131E8 /* DatePickerViewController.swift in Sources */ = {isa = PBXBuildFile; fileRef = DE11A3AF230EA98B005131E8 /* DatePickerViewController.swift */; };
		DE13AF7F226A30D4009DF581 /* TeachersTableViewController.swift in Sources */ = {isa = PBXBuildFile; fileRef = DE13AF7E226A30D4009DF581 /* TeachersTableViewController.swift */; };
		DE18941921BC349400C7F9DB /* Record+NetworkClient.swift in Sources */ = {isa = PBXBuildFile; fileRef = DE18941821BC349400C7F9DB /* Record+NetworkClient.swift */; };
		DE18941C21BC3A3900C7F9DB /* GroupTableViewController.swift in Sources */ = {isa = PBXBuildFile; fileRef = DE18941B21BC3A3900C7F9DB /* GroupTableViewController.swift */; };
		DE18941E21BC3AD100C7F9DB /* AuditoriumTableViewController.swift in Sources */ = {isa = PBXBuildFile; fileRef = DE18941D21BC3AD100C7F9DB /* AuditoriumTableViewController.swift */; };
		DE18942021BD457F00C7F9DB /* ImportForGroup.swift in Sources */ = {isa = PBXBuildFile; fileRef = DE18941F21BD457F00C7F9DB /* ImportForGroup.swift */; };
		DE18942221BD45E600C7F9DB /* ImportForAuditorium.swift in Sources */ = {isa = PBXBuildFile; fileRef = DE18942121BD45E600C7F9DB /* ImportForAuditorium.swift */; };
		DE29D024232CE9980054B748 /* Information.storyboard in Resources */ = {isa = PBXBuildFile; fileRef = DE29D023232CE9980054B748 /* Information.storyboard */; };
		DE3A6638220230D800E64D6C /* Collection.swift in Sources */ = {isa = PBXBuildFile; fileRef = DE3A6637220230D800E64D6C /* Collection.swift */; };
		DE3D3011232BF2F00071BAC5 /* InformationTableViewController.swift in Sources */ = {isa = PBXBuildFile; fileRef = DE3D3010232BF2F00071BAC5 /* InformationTableViewController.swift */; };
		DE3D3013232BFAB60071BAC5 /* Web View.storyboard in Resources */ = {isa = PBXBuildFile; fileRef = DE3D3012232BFAB60071BAC5 /* Web View.storyboard */; };
		DE3DC048235E46E5007805DA /* Record Details.storyboard in Resources */ = {isa = PBXBuildFile; fileRef = DE3DC047235E46E5007805DA /* Record Details.storyboard */; };
		DE3EB6B5231B0AE7007EA63C /* About.storyboard in Resources */ = {isa = PBXBuildFile; fileRef = DE3EB6B3231B0AE7007EA63C /* About.storyboard */; };
		DE3EB6B8231B0C03007EA63C /* Date Picker.storyboard in Resources */ = {isa = PBXBuildFile; fileRef = DE3EB6B6231B0C03007EA63C /* Date Picker.storyboard */; };
		DE3EB6BA231B11F8007EA63C /* DateFormatter.swift in Sources */ = {isa = PBXBuildFile; fileRef = DE3EB6B9231B11F8007EA63C /* DateFormatter.swift */; };
		DE3EB6C0231B2280007EA63C /* ActivityViewController.swift in Sources */ = {isa = PBXBuildFile; fileRef = DE3EB6BF231B2280007EA63C /* ActivityViewController.swift */; };
		DE4AA07121A5DF0500E06FEA /* AuditoriumDataSource.swift in Sources */ = {isa = PBXBuildFile; fileRef = DE4AA07021A5DF0500E06FEA /* AuditoriumDataSource.swift */; };
		DE4AA07321A5E31900E06FEA /* GroupsDataSource.swift in Sources */ = {isa = PBXBuildFile; fileRef = DE4AA07221A5E31900E06FEA /* GroupsDataSource.swift */; };
		DE540EBD2215CC5B0092FC81 /* TeacherEntity+CoreDataClass.swift in Sources */ = {isa = PBXBuildFile; fileRef = DE540EBB2215CC5B0092FC81 /* TeacherEntity+CoreDataClass.swift */; };
		DE540EBE2215CC5B0092FC81 /* TeacherEntity+CoreDataProperties.swift in Sources */ = {isa = PBXBuildFile; fileRef = DE540EBC2215CC5B0092FC81 /* TeacherEntity+CoreDataProperties.swift */; };
		DE540EC02215CD840092FC81 /* Teacher+Import.swift in Sources */ = {isa = PBXBuildFile; fileRef = DE540EBF2215CD840092FC81 /* Teacher+Import.swift */; };
		DE540EC22215CDCD0092FC81 /* Teacher+NetworkClient.swift in Sources */ = {isa = PBXBuildFile; fileRef = DE540EC12215CDCD0092FC81 /* Teacher+NetworkClient.swift */; };
		DE540EC42215CF9F0092FC81 /* TeacherDataSource.swift in Sources */ = {isa = PBXBuildFile; fileRef = DE540EC32215CF9F0092FC81 /* TeacherDataSource.swift */; };
		DE540EC82215DDB40092FC81 /* TeacherTableViewController.swift in Sources */ = {isa = PBXBuildFile; fileRef = DE540EC72215DDB40092FC81 /* TeacherTableViewController.swift */; };
		DE540ECA2215DEC40092FC81 /* ImportForTeacher.swift in Sources */ = {isa = PBXBuildFile; fileRef = DE540EC92215DEC40092FC81 /* ImportForTeacher.swift */; };
		DE584C54219860E80099415E /* Auditorium.swift in Sources */ = {isa = PBXBuildFile; fileRef = DE584C53219860E80099415E /* Auditorium.swift */; };
		DE584C562198615F0099415E /* Teacher.swift in Sources */ = {isa = PBXBuildFile; fileRef = DE584C552198615F0099415E /* Teacher.swift */; };
		DE584C5C219869990099415E /* Auditorium+Import.swift in Sources */ = {isa = PBXBuildFile; fileRef = DE584C5B219869990099415E /* Auditorium+Import.swift */; };
		DE584C5F21986E740099415E /* AuditoriumEntity+CoreDataClass.swift in Sources */ = {isa = PBXBuildFile; fileRef = DE584C5D21986E740099415E /* AuditoriumEntity+CoreDataClass.swift */; };
		DE584C6021986E740099415E /* AuditoriumEntity+CoreDataProperties.swift in Sources */ = {isa = PBXBuildFile; fileRef = DE584C5E21986E740099415E /* AuditoriumEntity+CoreDataProperties.swift */; };
		DE5A7E932219CCBF00CA9A79 /* RecordDetailedTableViewController.swift in Sources */ = {isa = PBXBuildFile; fileRef = DE5A7E922219CCBF00CA9A79 /* RecordDetailedTableViewController.swift */; };
		DE6794352268976E0068087A /* GroupsTableViewController.swift in Sources */ = {isa = PBXBuildFile; fileRef = DE6794342268976E0068087A /* GroupsTableViewController.swift */; };
		DE7AF21D22550B9D0043E927 /* WebViewController.swift in Sources */ = {isa = PBXBuildFile; fileRef = DE7AF21C22550B9D0043E927 /* WebViewController.swift */; };
		DE7B1D9F2269BCA5003E3028 /* GenericTableViewController.swift in Sources */ = {isa = PBXBuildFile; fileRef = DE7B1D9E2269BCA5003E3028 /* GenericTableViewController.swift */; };
		DE87B78E235B9E450090B63E /* InitialViewController.swift in Sources */ = {isa = PBXBuildFile; fileRef = DE87B78D235B9E450090B63E /* InitialViewController.swift */; };
		DE87B790235B9EEC0090B63E /* Initial.storyboard in Resources */ = {isa = PBXBuildFile; fileRef = DE87B78F235B9EEC0090B63E /* Initial.storyboard */; };
		DE8B668121CAC91C00C43F81 /* Group+Import.swift in Sources */ = {isa = PBXBuildFile; fileRef = DE8B668021CAC91C00C43F81 /* Group+Import.swift */; };
		DE8B668321CACDF800C43F81 /* Auditorium+NetworkClient.swift in Sources */ = {isa = PBXBuildFile; fileRef = DE8B668221CACDF800C43F81 /* Auditorium+NetworkClient.swift */; };
		DE8B668521CACE5600C43F81 /* Group+NetworkClient.swift in Sources */ = {isa = PBXBuildFile; fileRef = DE8B668421CACE5600C43F81 /* Group+NetworkClient.swift */; };
		DE94500422C1345800550A1C /* TableMessageViewController.swift in Sources */ = {isa = PBXBuildFile; fileRef = DE94500322C1345800550A1C /* TableMessageViewController.swift */; };
		DE945AC72264D11700143303 /* UniversityEntity+CoreDataClass.swift in Sources */ = {isa = PBXBuildFile; fileRef = DE945AC52264D11700143303 /* UniversityEntity+CoreDataClass.swift */; };
		DE945AC82264D11700143303 /* UniversityEntity+CoreDataProperties.swift in Sources */ = {isa = PBXBuildFile; fileRef = DE945AC62264D11700143303 /* UniversityEntity+CoreDataProperties.swift */; };
		DE945ACA2264D17C00143303 /* University.swift in Sources */ = {isa = PBXBuildFile; fileRef = DE945AC92264D17C00143303 /* University.swift */; };
		DE945ACC2264D27B00143303 /* University+Import.swift in Sources */ = {isa = PBXBuildFile; fileRef = DE945ACB2264D27B00143303 /* University+Import.swift */; };
		DE945ACE2264D2AA00143303 /* Universoty+NetworkClient.swift in Sources */ = {isa = PBXBuildFile; fileRef = DE945ACD2264D2AA00143303 /* Universoty+NetworkClient.swift */; };
		DE945AD22264D71B00143303 /* UniversitiesDataSource.swift in Sources */ = {isa = PBXBuildFile; fileRef = DE945AD12264D71B00143303 /* UniversitiesDataSource.swift */; };
		DE95523422A249D500D70DA4 /* FavoritesViewController.swift in Sources */ = {isa = PBXBuildFile; fileRef = DE95523322A249D500D70DA4 /* FavoritesViewController.swift */; };
		DE95523622A24A3600D70DA4 /* FavoritesDataSource.swift in Sources */ = {isa = PBXBuildFile; fileRef = DE95523522A24A3600D70DA4 /* FavoritesDataSource.swift */; };
		DE95523822A253D400D70DA4 /* UIBarButtonItem.swift in Sources */ = {isa = PBXBuildFile; fileRef = DE95523722A253D400D70DA4 /* UIBarButtonItem.swift */; };
		DE999ABE227C54160018F725 /* UniversityDataSource.swift in Sources */ = {isa = PBXBuildFile; fileRef = DE999ABD227C54160018F725 /* UniversityDataSource.swift */; };
		DE9E3F84235F8FB90067DDFE /* RecordTableViewCell.swift in Sources */ = {isa = PBXBuildFile; fileRef = DE9E3F83235F8FB90067DDFE /* RecordTableViewCell.swift */; };
		DEAB1D45230D5471008FBFE3 /* ReusableView.swift in Sources */ = {isa = PBXBuildFile; fileRef = DEAB1D44230D5471008FBFE3 /* ReusableView.swift */; };
		DEAB1D47230D5487008FBFE3 /* NibLoadableView.swift in Sources */ = {isa = PBXBuildFile; fileRef = DEAB1D46230D5487008FBFE3 /* NibLoadableView.swift */; };
		DEAB1D49230D575B008FBFE3 /* UITableView.swift in Sources */ = {isa = PBXBuildFile; fileRef = DEAB1D48230D575B008FBFE3 /* UITableView.swift */; };
		DEAE5C4A236A23B50086E734 /* ImportProtocolTests.swift in Sources */ = {isa = PBXBuildFile; fileRef = DEAE5C49236A23B50086E734 /* ImportProtocolTests.swift */; };
		DEBB74AA235CE1AC00226C7E /* Bundle.swift in Sources */ = {isa = PBXBuildFile; fileRef = DEBB74A9235CE1AC00226C7E /* Bundle.swift */; };
		DEBB74AD235CE51400226C7E /* SetViewControllerSegue.swift in Sources */ = {isa = PBXBuildFile; fileRef = DEBB74AC235CE51400226C7E /* SetViewControllerSegue.swift */; };
		DEBB74B1235CE67700226C7E /* Universities.storyboard in Resources */ = {isa = PBXBuildFile; fileRef = DEBB74AF235CE67700226C7E /* Universities.storyboard */; };
		DEBB74B4235CEC5A00226C7E /* Launch Screen.storyboard in Resources */ = {isa = PBXBuildFile; fileRef = DEBB74B3235CEC5A00226C7E /* Launch Screen.storyboard */; };
		DEBB74B9235CF3E100226C7E /* University.storyboard in Resources */ = {isa = PBXBuildFile; fileRef = DEBB74B8235CF3E100226C7E /* University.storyboard */; };
		DEBB74BB235CF4C300226C7E /* UniversitiesViewController.swift in Sources */ = {isa = PBXBuildFile; fileRef = DEBB74BA235CF4C300226C7E /* UniversitiesViewController.swift */; };
		DEDA50EA21862091006C7B27 /* InfoPlist.strings in Resources */ = {isa = PBXBuildFile; fileRef = DEDA50E821862090006C7B27 /* InfoPlist.strings */; };
		DEDA50ED218620E0006C7B27 /* Localizable.strings in Resources */ = {isa = PBXBuildFile; fileRef = DEDA50EB218620E0006C7B27 /* Localizable.strings */; };
		DEE576E4226B7B9E008F9EB6 /* SearchableTableViewController.swift in Sources */ = {isa = PBXBuildFile; fileRef = DEE576E3226B7B9E008F9EB6 /* SearchableTableViewController.swift */; };
		DEE576E7226B8B98008F9EB6 /* AuditoriumsTableViewController.swift in Sources */ = {isa = PBXBuildFile; fileRef = DEE576E6226B8B98008F9EB6 /* AuditoriumsTableViewController.swift */; };
		DEEEEBE02205BC2C0072A19A /* Settings.swift in Sources */ = {isa = PBXBuildFile; fileRef = DEEEEBDF2205BC2C0072A19A /* Settings.swift */; };
		E44C69EB2296FCED00A0102D /* Date.swift in Sources */ = {isa = PBXBuildFile; fileRef = E44C69EA2296FCED00A0102D /* Date.swift */; };
		E48FD404231DB2E60049438F /* PersonalData.swift in Sources */ = {isa = PBXBuildFile; fileRef = E48FD403231DB2E60049438F /* PersonalData.swift */; };
/* End PBXBuildFile section */

/* Begin PBXContainerItemProxy section */
		DEAE5C4C236A23B50086E734 /* PBXContainerItemProxy */ = {
			isa = PBXContainerItemProxy;
			containerPortal = C2B5CDE71EEF0E750066DB30 /* Project object */;
			proxyType = 1;
			remoteGlobalIDString = C2B5CDEE1EEF0E750066DB30;
			remoteInfo = "My University";
		};
/* End PBXContainerItemProxy section */

/* Begin PBXFileReference section */
		C22A2E541FC7644600587463 /* Record.swift */ = {isa = PBXFileReference; lastKnownFileType = sourcecode.swift; path = Record.swift; sourceTree = "<group>"; };
		C22A2E561FC7664000587463 /* RecordEntity+CoreDataClass.swift */ = {isa = PBXFileReference; lastKnownFileType = sourcecode.swift; path = "RecordEntity+CoreDataClass.swift"; sourceTree = "<group>"; };
		C22A2E571FC7664000587463 /* RecordEntity+CoreDataProperties.swift */ = {isa = PBXFileReference; lastKnownFileType = sourcecode.swift; path = "RecordEntity+CoreDataProperties.swift"; sourceTree = "<group>"; };
		C250C1821FBCD1CA00C90B53 /* AboutUsTableViewController.swift */ = {isa = PBXFileReference; lastKnownFileType = sourcecode.swift; path = AboutUsTableViewController.swift; sourceTree = "<group>"; };
		C28089491FB8D54A002B5676 /* GroupEntity+CoreDataClass.swift */ = {isa = PBXFileReference; lastKnownFileType = sourcecode.swift; path = "GroupEntity+CoreDataClass.swift"; sourceTree = "<group>"; };
		C280894A1FB8D54A002B5676 /* GroupEntity+CoreDataProperties.swift */ = {isa = PBXFileReference; lastKnownFileType = sourcecode.swift; path = "GroupEntity+CoreDataProperties.swift"; sourceTree = "<group>"; };
		C293559D1FBE246000071719 /* SearchResultsTableViewController.swift */ = {isa = PBXFileReference; lastKnownFileType = sourcecode.swift; path = SearchResultsTableViewController.swift; sourceTree = "<group>"; };
		C2B5CDEF1EEF0E750066DB30 /* My University.app */ = {isa = PBXFileReference; explicitFileType = wrapper.application; includeInIndex = 0; path = "My University.app"; sourceTree = BUILT_PRODUCTS_DIR; };
		C2B5CDF21EEF0E750066DB30 /* AppDelegate.swift */ = {isa = PBXFileReference; lastKnownFileType = sourcecode.swift; path = AppDelegate.swift; sourceTree = "<group>"; };
		C2B5CDFA1EEF0E750066DB30 /* Schedule.xcdatamodel */ = {isa = PBXFileReference; lastKnownFileType = wrapper.xcdatamodel; path = Schedule.xcdatamodel; sourceTree = "<group>"; };
		C2B5CDFC1EEF0E750066DB30 /* Assets.xcassets */ = {isa = PBXFileReference; lastKnownFileType = folder.assetcatalog; path = Assets.xcassets; sourceTree = "<group>"; };
		C2B5CE011EEF0E750066DB30 /* Info.plist */ = {isa = PBXFileReference; lastKnownFileType = text.plist.xml; path = Info.plist; sourceTree = "<group>"; };
		C2C0E9AF1FB8CDA00012FA9C /* Group.swift */ = {isa = PBXFileReference; lastKnownFileType = sourcecode.swift; path = Group.swift; sourceTree = "<group>"; };
		DE017F9423622B0D0046D3ED /* Preferences.storyboard */ = {isa = PBXFileReference; lastKnownFileType = file.storyboard; path = Preferences.storyboard; sourceTree = "<group>"; };
		DE017F9623622BC70046D3ED /* PreferencesTableViewController.swift */ = {isa = PBXFileReference; lastKnownFileType = sourcecode.swift; path = PreferencesTableViewController.swift; sourceTree = "<group>"; };
		DE04D1F22370AA3200A18649 /* UserDefaultsKey.swift */ = {isa = PBXFileReference; lastKnownFileType = sourcecode.swift; path = UserDefaultsKey.swift; sourceTree = "<group>"; };
		DE04D1F62370B79F00A18649 /* UpdateHelper.swift */ = {isa = PBXFileReference; fileEncoding = 4; lastKnownFileType = sourcecode.swift; path = UpdateHelper.swift; sourceTree = "<group>"; };
		DE0D64072264E1330001FCCF /* UniversityViewController.swift */ = {isa = PBXFileReference; lastKnownFileType = sourcecode.swift; path = UniversityViewController.swift; sourceTree = "<group>"; };
		DE11A3AF230EA98B005131E8 /* DatePickerViewController.swift */ = {isa = PBXFileReference; lastKnownFileType = sourcecode.swift; path = DatePickerViewController.swift; sourceTree = "<group>"; };
		DE13AF7E226A30D4009DF581 /* TeachersTableViewController.swift */ = {isa = PBXFileReference; lastKnownFileType = sourcecode.swift; path = TeachersTableViewController.swift; sourceTree = "<group>"; };
		DE18941821BC349400C7F9DB /* Record+NetworkClient.swift */ = {isa = PBXFileReference; lastKnownFileType = sourcecode.swift; path = "Record+NetworkClient.swift"; sourceTree = "<group>"; };
		DE18941B21BC3A3900C7F9DB /* GroupTableViewController.swift */ = {isa = PBXFileReference; fileEncoding = 4; lastKnownFileType = sourcecode.swift; path = GroupTableViewController.swift; sourceTree = "<group>"; };
		DE18941D21BC3AD100C7F9DB /* AuditoriumTableViewController.swift */ = {isa = PBXFileReference; lastKnownFileType = sourcecode.swift; path = AuditoriumTableViewController.swift; sourceTree = "<group>"; };
		DE18941F21BD457F00C7F9DB /* ImportForGroup.swift */ = {isa = PBXFileReference; lastKnownFileType = sourcecode.swift; path = ImportForGroup.swift; sourceTree = "<group>"; };
		DE18942121BD45E600C7F9DB /* ImportForAuditorium.swift */ = {isa = PBXFileReference; lastKnownFileType = sourcecode.swift; path = ImportForAuditorium.swift; sourceTree = "<group>"; };
		DE29D023232CE9980054B748 /* Information.storyboard */ = {isa = PBXFileReference; fileEncoding = 4; lastKnownFileType = file.storyboard; path = Information.storyboard; sourceTree = "<group>"; };
		DE3A6637220230D800E64D6C /* Collection.swift */ = {isa = PBXFileReference; lastKnownFileType = sourcecode.swift; path = Collection.swift; sourceTree = "<group>"; };
		DE3D3010232BF2F00071BAC5 /* InformationTableViewController.swift */ = {isa = PBXFileReference; lastKnownFileType = sourcecode.swift; path = InformationTableViewController.swift; sourceTree = "<group>"; };
		DE3D3012232BFAB60071BAC5 /* Web View.storyboard */ = {isa = PBXFileReference; fileEncoding = 4; lastKnownFileType = file.storyboard; path = "Web View.storyboard"; sourceTree = "<group>"; };
		DE3DC047235E46E5007805DA /* Record Details.storyboard */ = {isa = PBXFileReference; fileEncoding = 4; lastKnownFileType = file.storyboard; path = "Record Details.storyboard"; sourceTree = "<group>"; };
		DE3EB6B4231B0AE7007EA63C /* Base */ = {isa = PBXFileReference; lastKnownFileType = file.storyboard; name = Base; path = Base.lproj/About.storyboard; sourceTree = "<group>"; };
		DE3EB6B7231B0C03007EA63C /* Base */ = {isa = PBXFileReference; lastKnownFileType = file.storyboard; name = Base; path = "Base.lproj/Date Picker.storyboard"; sourceTree = "<group>"; };
		DE3EB6B9231B11F8007EA63C /* DateFormatter.swift */ = {isa = PBXFileReference; lastKnownFileType = sourcecode.swift; path = DateFormatter.swift; sourceTree = "<group>"; };
		DE3EB6BF231B2280007EA63C /* ActivityViewController.swift */ = {isa = PBXFileReference; lastKnownFileType = sourcecode.swift; path = ActivityViewController.swift; sourceTree = "<group>"; };
		DE4AA07021A5DF0500E06FEA /* AuditoriumDataSource.swift */ = {isa = PBXFileReference; lastKnownFileType = sourcecode.swift; path = AuditoriumDataSource.swift; sourceTree = "<group>"; };
		DE4AA07221A5E31900E06FEA /* GroupsDataSource.swift */ = {isa = PBXFileReference; lastKnownFileType = sourcecode.swift; path = GroupsDataSource.swift; sourceTree = "<group>"; };
		DE540EBB2215CC5B0092FC81 /* TeacherEntity+CoreDataClass.swift */ = {isa = PBXFileReference; lastKnownFileType = sourcecode.swift; path = "TeacherEntity+CoreDataClass.swift"; sourceTree = "<group>"; };
		DE540EBC2215CC5B0092FC81 /* TeacherEntity+CoreDataProperties.swift */ = {isa = PBXFileReference; lastKnownFileType = sourcecode.swift; path = "TeacherEntity+CoreDataProperties.swift"; sourceTree = "<group>"; };
		DE540EBF2215CD840092FC81 /* Teacher+Import.swift */ = {isa = PBXFileReference; lastKnownFileType = sourcecode.swift; path = "Teacher+Import.swift"; sourceTree = "<group>"; };
		DE540EC12215CDCD0092FC81 /* Teacher+NetworkClient.swift */ = {isa = PBXFileReference; lastKnownFileType = sourcecode.swift; path = "Teacher+NetworkClient.swift"; sourceTree = "<group>"; };
		DE540EC32215CF9F0092FC81 /* TeacherDataSource.swift */ = {isa = PBXFileReference; lastKnownFileType = sourcecode.swift; path = TeacherDataSource.swift; sourceTree = "<group>"; };
		DE540EC72215DDB40092FC81 /* TeacherTableViewController.swift */ = {isa = PBXFileReference; lastKnownFileType = sourcecode.swift; path = TeacherTableViewController.swift; sourceTree = "<group>"; };
		DE540EC92215DEC40092FC81 /* ImportForTeacher.swift */ = {isa = PBXFileReference; lastKnownFileType = sourcecode.swift; path = ImportForTeacher.swift; sourceTree = "<group>"; };
		DE584C52219852430099415E /* Schedule 2.xcdatamodel */ = {isa = PBXFileReference; lastKnownFileType = wrapper.xcdatamodel; path = "Schedule 2.xcdatamodel"; sourceTree = "<group>"; };
		DE584C53219860E80099415E /* Auditorium.swift */ = {isa = PBXFileReference; lastKnownFileType = sourcecode.swift; path = Auditorium.swift; sourceTree = "<group>"; };
		DE584C552198615F0099415E /* Teacher.swift */ = {isa = PBXFileReference; lastKnownFileType = sourcecode.swift; path = Teacher.swift; sourceTree = "<group>"; };
		DE584C5B219869990099415E /* Auditorium+Import.swift */ = {isa = PBXFileReference; lastKnownFileType = sourcecode.swift; path = "Auditorium+Import.swift"; sourceTree = "<group>"; };
		DE584C5D21986E740099415E /* AuditoriumEntity+CoreDataClass.swift */ = {isa = PBXFileReference; lastKnownFileType = sourcecode.swift; path = "AuditoriumEntity+CoreDataClass.swift"; sourceTree = "<group>"; };
		DE584C5E21986E740099415E /* AuditoriumEntity+CoreDataProperties.swift */ = {isa = PBXFileReference; lastKnownFileType = sourcecode.swift; path = "AuditoriumEntity+CoreDataProperties.swift"; sourceTree = "<group>"; };
		DE5A7E922219CCBF00CA9A79 /* RecordDetailedTableViewController.swift */ = {isa = PBXFileReference; lastKnownFileType = sourcecode.swift; path = RecordDetailedTableViewController.swift; sourceTree = "<group>"; };
		DE6794342268976E0068087A /* GroupsTableViewController.swift */ = {isa = PBXFileReference; lastKnownFileType = sourcecode.swift; path = GroupsTableViewController.swift; sourceTree = "<group>"; };
		DE7AF21C22550B9D0043E927 /* WebViewController.swift */ = {isa = PBXFileReference; lastKnownFileType = sourcecode.swift; path = WebViewController.swift; sourceTree = "<group>"; };
		DE7B1D9E2269BCA5003E3028 /* GenericTableViewController.swift */ = {isa = PBXFileReference; lastKnownFileType = sourcecode.swift; path = GenericTableViewController.swift; sourceTree = "<group>"; };
		DE87B78D235B9E450090B63E /* InitialViewController.swift */ = {isa = PBXFileReference; lastKnownFileType = sourcecode.swift; path = InitialViewController.swift; sourceTree = "<group>"; };
		DE87B78F235B9EEC0090B63E /* Initial.storyboard */ = {isa = PBXFileReference; lastKnownFileType = file.storyboard; path = Initial.storyboard; sourceTree = "<group>"; };
		DE8B668021CAC91C00C43F81 /* Group+Import.swift */ = {isa = PBXFileReference; lastKnownFileType = sourcecode.swift; path = "Group+Import.swift"; sourceTree = "<group>"; };
		DE8B668221CACDF800C43F81 /* Auditorium+NetworkClient.swift */ = {isa = PBXFileReference; lastKnownFileType = sourcecode.swift; path = "Auditorium+NetworkClient.swift"; sourceTree = "<group>"; };
		DE8B668421CACE5600C43F81 /* Group+NetworkClient.swift */ = {isa = PBXFileReference; lastKnownFileType = sourcecode.swift; path = "Group+NetworkClient.swift"; sourceTree = "<group>"; };
		DE94500322C1345800550A1C /* TableMessageViewController.swift */ = {isa = PBXFileReference; lastKnownFileType = sourcecode.swift; path = TableMessageViewController.swift; sourceTree = "<group>"; };
		DE945AC52264D11700143303 /* UniversityEntity+CoreDataClass.swift */ = {isa = PBXFileReference; lastKnownFileType = sourcecode.swift; path = "UniversityEntity+CoreDataClass.swift"; sourceTree = "<group>"; };
		DE945AC62264D11700143303 /* UniversityEntity+CoreDataProperties.swift */ = {isa = PBXFileReference; lastKnownFileType = sourcecode.swift; path = "UniversityEntity+CoreDataProperties.swift"; sourceTree = "<group>"; };
		DE945AC92264D17C00143303 /* University.swift */ = {isa = PBXFileReference; lastKnownFileType = sourcecode.swift; path = University.swift; sourceTree = "<group>"; };
		DE945ACB2264D27B00143303 /* University+Import.swift */ = {isa = PBXFileReference; lastKnownFileType = sourcecode.swift; path = "University+Import.swift"; sourceTree = "<group>"; };
		DE945ACD2264D2AA00143303 /* Universoty+NetworkClient.swift */ = {isa = PBXFileReference; lastKnownFileType = sourcecode.swift; path = "Universoty+NetworkClient.swift"; sourceTree = "<group>"; };
		DE945AD12264D71B00143303 /* UniversitiesDataSource.swift */ = {isa = PBXFileReference; lastKnownFileType = sourcecode.swift; path = UniversitiesDataSource.swift; sourceTree = "<group>"; };
		DE95523322A249D500D70DA4 /* FavoritesViewController.swift */ = {isa = PBXFileReference; lastKnownFileType = sourcecode.swift; path = FavoritesViewController.swift; sourceTree = "<group>"; };
		DE95523522A24A3600D70DA4 /* FavoritesDataSource.swift */ = {isa = PBXFileReference; lastKnownFileType = sourcecode.swift; path = FavoritesDataSource.swift; sourceTree = "<group>"; };
		DE95523722A253D400D70DA4 /* UIBarButtonItem.swift */ = {isa = PBXFileReference; lastKnownFileType = sourcecode.swift; path = UIBarButtonItem.swift; sourceTree = "<group>"; };
		DE999ABD227C54160018F725 /* UniversityDataSource.swift */ = {isa = PBXFileReference; lastKnownFileType = sourcecode.swift; path = UniversityDataSource.swift; sourceTree = "<group>"; };
		DE9E3F83235F8FB90067DDFE /* RecordTableViewCell.swift */ = {isa = PBXFileReference; lastKnownFileType = sourcecode.swift; path = RecordTableViewCell.swift; sourceTree = "<group>"; };
		DEAB1D44230D5471008FBFE3 /* ReusableView.swift */ = {isa = PBXFileReference; lastKnownFileType = sourcecode.swift; path = ReusableView.swift; sourceTree = "<group>"; };
		DEAB1D46230D5487008FBFE3 /* NibLoadableView.swift */ = {isa = PBXFileReference; lastKnownFileType = sourcecode.swift; path = NibLoadableView.swift; sourceTree = "<group>"; };
		DEAB1D48230D575B008FBFE3 /* UITableView.swift */ = {isa = PBXFileReference; lastKnownFileType = sourcecode.swift; path = UITableView.swift; sourceTree = "<group>"; };
		DEAE5C47236A23B50086E734 /* MyUniversityTests.xctest */ = {isa = PBXFileReference; explicitFileType = wrapper.cfbundle; includeInIndex = 0; path = MyUniversityTests.xctest; sourceTree = BUILT_PRODUCTS_DIR; };
		DEAE5C49236A23B50086E734 /* ImportProtocolTests.swift */ = {isa = PBXFileReference; lastKnownFileType = sourcecode.swift; path = ImportProtocolTests.swift; sourceTree = "<group>"; };
		DEAE5C4B236A23B50086E734 /* Info.plist */ = {isa = PBXFileReference; lastKnownFileType = text.plist.xml; path = Info.plist; sourceTree = "<group>"; };
		DEBB74A9235CE1AC00226C7E /* Bundle.swift */ = {isa = PBXFileReference; lastKnownFileType = sourcecode.swift; path = Bundle.swift; sourceTree = "<group>"; };
		DEBB74AC235CE51400226C7E /* SetViewControllerSegue.swift */ = {isa = PBXFileReference; lastKnownFileType = sourcecode.swift; path = SetViewControllerSegue.swift; sourceTree = "<group>"; };
		DEBB74B0235CE67700226C7E /* Base */ = {isa = PBXFileReference; lastKnownFileType = file.storyboard; name = Base; path = Base.lproj/Universities.storyboard; sourceTree = "<group>"; };
		DEBB74B3235CEC5A00226C7E /* Launch Screen.storyboard */ = {isa = PBXFileReference; lastKnownFileType = file.storyboard; path = "Launch Screen.storyboard"; sourceTree = "<group>"; };
		DEBB74B8235CF3E100226C7E /* University.storyboard */ = {isa = PBXFileReference; lastKnownFileType = file.storyboard; path = University.storyboard; sourceTree = "<group>"; };
		DEBB74BA235CF4C300226C7E /* UniversitiesViewController.swift */ = {isa = PBXFileReference; fileEncoding = 4; lastKnownFileType = sourcecode.swift; path = UniversitiesViewController.swift; sourceTree = "<group>"; };
		DEDA50E921862090006C7B27 /* uk */ = {isa = PBXFileReference; lastKnownFileType = text.plist.strings; name = uk; path = uk.lproj/InfoPlist.strings; sourceTree = "<group>"; };
		DEDA50EC218620E0006C7B27 /* uk */ = {isa = PBXFileReference; lastKnownFileType = text.plist.strings; name = uk; path = uk.lproj/Localizable.strings; sourceTree = "<group>"; };
		DEE576E3226B7B9E008F9EB6 /* SearchableTableViewController.swift */ = {isa = PBXFileReference; lastKnownFileType = sourcecode.swift; path = SearchableTableViewController.swift; sourceTree = "<group>"; };
		DEE576E6226B8B98008F9EB6 /* AuditoriumsTableViewController.swift */ = {isa = PBXFileReference; lastKnownFileType = sourcecode.swift; path = AuditoriumsTableViewController.swift; sourceTree = "<group>"; };
		DEEEEBDF2205BC2C0072A19A /* Settings.swift */ = {isa = PBXFileReference; lastKnownFileType = sourcecode.swift; path = Settings.swift; sourceTree = "<group>"; };
		DEFD9779231E7AA900FA5B7A /* uk */ = {isa = PBXFileReference; lastKnownFileType = text.plist.strings; name = uk; path = uk.lproj/About.strings; sourceTree = "<group>"; };
		DEFD977A231E7AA900FA5B7A /* uk */ = {isa = PBXFileReference; lastKnownFileType = text.plist.strings; name = uk; path = "uk.lproj/Date Picker.strings"; sourceTree = "<group>"; };
		E44C69EA2296FCED00A0102D /* Date.swift */ = {isa = PBXFileReference; fileEncoding = 4; lastKnownFileType = sourcecode.swift; path = Date.swift; sourceTree = "<group>"; };
		E47DD960229B1F3700137850 /* Schedule 3.xcdatamodel */ = {isa = PBXFileReference; lastKnownFileType = wrapper.xcdatamodel; path = "Schedule 3.xcdatamodel"; sourceTree = "<group>"; };
		E48FD403231DB2E60049438F /* PersonalData.swift */ = {isa = PBXFileReference; lastKnownFileType = sourcecode.swift; path = PersonalData.swift; sourceTree = "<group>"; };
/* End PBXFileReference section */

/* Begin PBXFrameworksBuildPhase section */
		C2B5CDEC1EEF0E750066DB30 /* Frameworks */ = {
			isa = PBXFrameworksBuildPhase;
			buildActionMask = 2147483647;
			files = (
			);
			runOnlyForDeploymentPostprocessing = 0;
		};
		DEAE5C44236A23B50086E734 /* Frameworks */ = {
			isa = PBXFrameworksBuildPhase;
			buildActionMask = 2147483647;
			files = (
			);
			runOnlyForDeploymentPostprocessing = 0;
		};
/* End PBXFrameworksBuildPhase section */

/* Begin PBXGroup section */
		C29FF4CE2002382500B50299 /* Networking */ = {
			isa = PBXGroup;
			children = (
				DE8B668221CACDF800C43F81 /* Auditorium+NetworkClient.swift */,
				DE8B668421CACE5600C43F81 /* Group+NetworkClient.swift */,
				DE18941821BC349400C7F9DB /* Record+NetworkClient.swift */,
				DE540EC12215CDCD0092FC81 /* Teacher+NetworkClient.swift */,
				DE945ACD2264D2AA00143303 /* Universoty+NetworkClient.swift */,
			);
			name = Networking;
			sourceTree = "<group>";
		};
		C2B5CDE61EEF0E750066DB30 = {
			isa = PBXGroup;
			children = (
				C2B5CDF11EEF0E750066DB30 /* My University */,
				DEAE5C48236A23B50086E734 /* MyUniversityTests */,
				C2B5CDF01EEF0E750066DB30 /* Products */,
			);
			sourceTree = "<group>";
		};
		C2B5CDF01EEF0E750066DB30 /* Products */ = {
			isa = PBXGroup;
			children = (
				C2B5CDEF1EEF0E750066DB30 /* My University.app */,
				DEAE5C47236A23B50086E734 /* MyUniversityTests.xctest */,
			);
			name = Products;
			sourceTree = "<group>";
		};
		C2B5CDF11EEF0E750066DB30 /* My University */ = {
			isa = PBXGroup;
			children = (
				DE472C7321B84313003AE86D /* About */,
				DE94500122C132FE00550A1C /* App Delegate */,
				C2B5CDFC1EEF0E750066DB30 /* Assets.xcassets */,
				DEE576E5226B7E37008F9EB6 /* Auditoriums */,
				C2B5CE2B1EF06E3A0066DB30 /* Core Data */,
				C2C0E9AE1FB8CD870012FA9C /* Data Models */,
				DE11A3AE230EA976005131E8 /* Date Picker */,
				DE3B565E21823A7F008A77D1 /* Extensions */,
				DE95523222A249B400D70DA4 /* Favorites */,
				DE6794332268975F0068087A /* Groups */,
				C2C76A2C200243BD00BFF3D4 /* Import */,
				DE3D300F232BF2E20071BAC5 /* Information */,
				DE87B78C235B9E1D0090B63E /* Initial */,
				DEBB74B2235CEC2100226C7E /* Launch Screen */,
				C29FF4CE2002382500B50299 /* Networking */,
				DE017F9323622AF80046D3ED /* Preferences */,
				DE3DC046235E468F007805DA /* Record Details */,
				DE4AA06F21A5DEDC00E06FEA /* Search */,
				C2B5CE2A1EF06E0E0066DB30 /* Supporting Files */,
				DE94500222C1343800550A1C /* Table Message */,
				DE13AF7D226A115E009DF581 /* Teachers */,
				DEE576E1226B7AD1008F9EB6 /* UI Subclasses */,
				DE5FAE072263B36A00333121 /* Universities */,
				DEBB74B5235CF34D00226C7E /* University */,
				E48FD402231DB2080049438F /* UserDefaults */,
			);
			path = "My University";
			sourceTree = "<group>";
		};
		C2B5CE2A1EF06E0E0066DB30 /* Supporting Files */ = {
			isa = PBXGroup;
			children = (
				C2B5CE011EEF0E750066DB30 /* Info.plist */,
				DEDA50EB218620E0006C7B27 /* Localizable.strings */,
				DEDA50E821862090006C7B27 /* InfoPlist.strings */,
			);
			name = "Supporting Files";
			sourceTree = "<group>";
		};
		C2B5CE2B1EF06E3A0066DB30 /* Core Data */ = {
			isa = PBXGroup;
			children = (
				DE584C5D21986E740099415E /* AuditoriumEntity+CoreDataClass.swift */,
				DE584C5E21986E740099415E /* AuditoriumEntity+CoreDataProperties.swift */,
				C28089491FB8D54A002B5676 /* GroupEntity+CoreDataClass.swift */,
				C280894A1FB8D54A002B5676 /* GroupEntity+CoreDataProperties.swift */,
				C22A2E561FC7664000587463 /* RecordEntity+CoreDataClass.swift */,
				C22A2E571FC7664000587463 /* RecordEntity+CoreDataProperties.swift */,
				DE540EBB2215CC5B0092FC81 /* TeacherEntity+CoreDataClass.swift */,
				DE540EBC2215CC5B0092FC81 /* TeacherEntity+CoreDataProperties.swift */,
				DE945AC52264D11700143303 /* UniversityEntity+CoreDataClass.swift */,
				DE945AC62264D11700143303 /* UniversityEntity+CoreDataProperties.swift */,
				C2B5CDF91EEF0E750066DB30 /* Schedule.xcdatamodeld */,
			);
			name = "Core Data";
			sourceTree = "<group>";
		};
		C2C0E9AE1FB8CD870012FA9C /* Data Models */ = {
			isa = PBXGroup;
			children = (
				DE584C53219860E80099415E /* Auditorium.swift */,
				C2C0E9AF1FB8CDA00012FA9C /* Group.swift */,
				C22A2E541FC7644600587463 /* Record.swift */,
				DEEEEBDF2205BC2C0072A19A /* Settings.swift */,
				DE584C552198615F0099415E /* Teacher.swift */,
				DE04D1F22370AA3200A18649 /* UserDefaultsKey.swift */,
			);
			name = "Data Models";
			sourceTree = "<group>";
		};
		C2C76A2C200243BD00BFF3D4 /* Import */ = {
			isa = PBXGroup;
			children = (
				DE584C5B219869990099415E /* Auditorium+Import.swift */,
				DE8B668021CAC91C00C43F81 /* Group+Import.swift */,
				DE540EBF2215CD840092FC81 /* Teacher+Import.swift */,
				DE945ACB2264D27B00143303 /* University+Import.swift */,
				DE04D1F62370B79F00A18649 /* UpdateHelper.swift */,
				DE18941721BC336700C7F9DB /* Record */,
			);
			name = Import;
			sourceTree = "<group>";
		};
		DE017F9323622AF80046D3ED /* Preferences */ = {
			isa = PBXGroup;
			children = (
				DE017F9423622B0D0046D3ED /* Preferences.storyboard */,
				DE017F9623622BC70046D3ED /* PreferencesTableViewController.swift */,
			);
			name = Preferences;
			sourceTree = "<group>";
		};
		DE11A3AE230EA976005131E8 /* Date Picker */ = {
			isa = PBXGroup;
			children = (
				DE3EB6B6231B0C03007EA63C /* Date Picker.storyboard */,
				DE11A3AF230EA98B005131E8 /* DatePickerViewController.swift */,
			);
			name = "Date Picker";
			sourceTree = "<group>";
		};
		DE13AF7D226A115E009DF581 /* Teachers */ = {
			isa = PBXGroup;
			children = (
				DE540EC32215CF9F0092FC81 /* TeacherDataSource.swift */,
				DE13AF7E226A30D4009DF581 /* TeachersTableViewController.swift */,
				DE540EC72215DDB40092FC81 /* TeacherTableViewController.swift */,
			);
			name = Teachers;
			sourceTree = "<group>";
		};
		DE18941721BC336700C7F9DB /* Record */ = {
			isa = PBXGroup;
			children = (
				DE18942121BD45E600C7F9DB /* ImportForAuditorium.swift */,
				DE18941F21BD457F00C7F9DB /* ImportForGroup.swift */,
				DE540EC92215DEC40092FC81 /* ImportForTeacher.swift */,
			);
			name = Record;
			sourceTree = "<group>";
		};
		DE3B565E21823A7F008A77D1 /* Extensions */ = {
			isa = PBXGroup;
			children = (
				DEBB74A9235CE1AC00226C7E /* Bundle.swift */,
				DE3A6637220230D800E64D6C /* Collection.swift */,
				E44C69EA2296FCED00A0102D /* Date.swift */,
				DE3EB6B9231B11F8007EA63C /* DateFormatter.swift */,
				DE95523722A253D400D70DA4 /* UIBarButtonItem.swift */,
				DEAB1D48230D575B008FBFE3 /* UITableView.swift */,
			);
			name = Extensions;
			sourceTree = "<group>";
		};
		DE3D300F232BF2E20071BAC5 /* Information */ = {
			isa = PBXGroup;
			children = (
				DE29D023232CE9980054B748 /* Information.storyboard */,
				DE3D3010232BF2F00071BAC5 /* InformationTableViewController.swift */,
			);
			name = Information;
			sourceTree = "<group>";
		};
		DE3DC046235E468F007805DA /* Record Details */ = {
			isa = PBXGroup;
			children = (
				DE3DC047235E46E5007805DA /* Record Details.storyboard */,
				DE5A7E922219CCBF00CA9A79 /* RecordDetailedTableViewController.swift */,
			);
			name = "Record Details";
			sourceTree = "<group>";
		};
		DE472C7321B84313003AE86D /* About */ = {
			isa = PBXGroup;
			children = (
				DE3D3012232BFAB60071BAC5 /* Web View.storyboard */,
				DE3EB6B3231B0AE7007EA63C /* About.storyboard */,
				C250C1821FBCD1CA00C90B53 /* AboutUsTableViewController.swift */,
				DE7AF21C22550B9D0043E927 /* WebViewController.swift */,
			);
			name = About;
			sourceTree = "<group>";
		};
		DE4AA06F21A5DEDC00E06FEA /* Search */ = {
			isa = PBXGroup;
			children = (
				C293559D1FBE246000071719 /* SearchResultsTableViewController.swift */,
			);
			name = Search;
			sourceTree = "<group>";
		};
		DE5FAE072263B36A00333121 /* Universities */ = {
			isa = PBXGroup;
			children = (
				DE87B791235B9FCD0090B63E /* Data Models */,
				DEE576E0226B7875008F9EB6 /* Data Source */,
				DEBB74AE235CE62600226C7E /* Storyboard */,
				DEE576DF226B7861008F9EB6 /* View Controllers */,
			);
			name = Universities;
			sourceTree = "<group>";
		};
		DE6794332268975F0068087A /* Groups */ = {
			isa = PBXGroup;
			children = (
				DE4AA07221A5E31900E06FEA /* GroupsDataSource.swift */,
				DE6794342268976E0068087A /* GroupsTableViewController.swift */,
				DE18941B21BC3A3900C7F9DB /* GroupTableViewController.swift */,
				DE3EB6BF231B2280007EA63C /* ActivityViewController.swift */,
			);
			name = Groups;
			sourceTree = "<group>";
		};
		DE87B78C235B9E1D0090B63E /* Initial */ = {
			isa = PBXGroup;
			children = (
				DE87B78D235B9E450090B63E /* InitialViewController.swift */,
				DE87B78F235B9EEC0090B63E /* Initial.storyboard */,
			);
			name = Initial;
			sourceTree = "<group>";
		};
		DE87B791235B9FCD0090B63E /* Data Models */ = {
			isa = PBXGroup;
			children = (
				DE945AC92264D17C00143303 /* University.swift */,
			);
			name = "Data Models";
			sourceTree = "<group>";
		};
		DE94500122C132FE00550A1C /* App Delegate */ = {
			isa = PBXGroup;
			children = (
				C2B5CDF21EEF0E750066DB30 /* AppDelegate.swift */,
			);
			name = "App Delegate";
			sourceTree = "<group>";
		};
		DE94500222C1343800550A1C /* Table Message */ = {
			isa = PBXGroup;
			children = (
				DE94500322C1345800550A1C /* TableMessageViewController.swift */,
			);
			name = "Table Message";
			sourceTree = "<group>";
		};
		DE95523222A249B400D70DA4 /* Favorites */ = {
			isa = PBXGroup;
			children = (
				DE95523322A249D500D70DA4 /* FavoritesViewController.swift */,
				DE95523522A24A3600D70DA4 /* FavoritesDataSource.swift */,
			);
			name = Favorites;
			sourceTree = "<group>";
		};
		DEAB1D3E230D5405008FBFE3 /* Table Cells */ = {
			isa = PBXGroup;
			children = (
				DE9E3F83235F8FB90067DDFE /* RecordTableViewCell.swift */,
			);
			name = "Table Cells";
			sourceTree = "<group>";
		};
		DEAB1D43230D5465008FBFE3 /* Views */ = {
			isa = PBXGroup;
			children = (
				DEAB1D44230D5471008FBFE3 /* ReusableView.swift */,
				DEAB1D46230D5487008FBFE3 /* NibLoadableView.swift */,
			);
			name = Views;
			sourceTree = "<group>";
		};
		DEAE5C48236A23B50086E734 /* MyUniversityTests */ = {
			isa = PBXGroup;
			children = (
				DEAE5C49236A23B50086E734 /* ImportProtocolTests.swift */,
				DEAE5C4B236A23B50086E734 /* Info.plist */,
			);
			path = MyUniversityTests;
			sourceTree = "<group>";
		};
		DEBB74AB235CE4F900226C7E /* Segues */ = {
			isa = PBXGroup;
			children = (
				DEBB74AC235CE51400226C7E /* SetViewControllerSegue.swift */,
			);
			name = Segues;
			sourceTree = "<group>";
		};
		DEBB74AE235CE62600226C7E /* Storyboard */ = {
			isa = PBXGroup;
			children = (
				DEBB74AF235CE67700226C7E /* Universities.storyboard */,
			);
			name = Storyboard;
			sourceTree = "<group>";
		};
		DEBB74B2235CEC2100226C7E /* Launch Screen */ = {
			isa = PBXGroup;
			children = (
				DEBB74B3235CEC5A00226C7E /* Launch Screen.storyboard */,
			);
			name = "Launch Screen";
			sourceTree = "<group>";
		};
		DEBB74B5235CF34D00226C7E /* University */ = {
			isa = PBXGroup;
			children = (
				DEBB74B7235CF36400226C7E /* Storyboard */,
				DEBB74B6235CF35900226C7E /* View Controllers */,
			);
			name = University;
			sourceTree = "<group>";
		};
		DEBB74B6235CF35900226C7E /* View Controllers */ = {
			isa = PBXGroup;
			children = (
				DE0D64072264E1330001FCCF /* UniversityViewController.swift */,
			);
			name = "View Controllers";
			sourceTree = "<group>";
		};
		DEBB74B7235CF36400226C7E /* Storyboard */ = {
			isa = PBXGroup;
			children = (
				DEBB74B8235CF3E100226C7E /* University.storyboard */,
			);
			name = Storyboard;
			sourceTree = "<group>";
		};
		DEE576DF226B7861008F9EB6 /* View Controllers */ = {
			isa = PBXGroup;
			children = (
				DEBB74BA235CF4C300226C7E /* UniversitiesViewController.swift */,
			);
			name = "View Controllers";
			sourceTree = "<group>";
		};
		DEE576E0226B7875008F9EB6 /* Data Source */ = {
			isa = PBXGroup;
			children = (
				DE945AD12264D71B00143303 /* UniversitiesDataSource.swift */,
				DE999ABD227C54160018F725 /* UniversityDataSource.swift */,
			);
			name = "Data Source";
			sourceTree = "<group>";
		};
		DEE576E1226B7AD1008F9EB6 /* UI Subclasses */ = {
			isa = PBXGroup;
			children = (
				DEBB74AB235CE4F900226C7E /* Segues */,
				DEAB1D43230D5465008FBFE3 /* Views */,
				DEAB1D3E230D5405008FBFE3 /* Table Cells */,
				DEE576E2226B7AE3008F9EB6 /* View Controllers */,
			);
			name = "UI Subclasses";
			sourceTree = "<group>";
		};
		DEE576E2226B7AE3008F9EB6 /* View Controllers */ = {
			isa = PBXGroup;
			children = (
				DE7B1D9E2269BCA5003E3028 /* GenericTableViewController.swift */,
				DEE576E3226B7B9E008F9EB6 /* SearchableTableViewController.swift */,
			);
			name = "View Controllers";
			sourceTree = "<group>";
		};
		DEE576E5226B7E37008F9EB6 /* Auditoriums */ = {
			isa = PBXGroup;
			children = (
				DE4AA07021A5DF0500E06FEA /* AuditoriumDataSource.swift */,
				DEE576E6226B8B98008F9EB6 /* AuditoriumsTableViewController.swift */,
				DE18941D21BC3AD100C7F9DB /* AuditoriumTableViewController.swift */,
			);
			name = Auditoriums;
			sourceTree = "<group>";
		};
		E48FD402231DB2080049438F /* UserDefaults */ = {
			isa = PBXGroup;
			children = (
				E48FD403231DB2E60049438F /* PersonalData.swift */,
			);
			name = UserDefaults;
			sourceTree = "<group>";
		};
/* End PBXGroup section */

/* Begin PBXNativeTarget section */
		C2B5CDEE1EEF0E750066DB30 /* My University */ = {
			isa = PBXNativeTarget;
			buildConfigurationList = C2B5CE041EEF0E750066DB30 /* Build configuration list for PBXNativeTarget "My University" */;
			buildPhases = (
				C2B5CDEB1EEF0E750066DB30 /* Sources */,
				C2B5CDEC1EEF0E750066DB30 /* Frameworks */,
				C2B5CDED1EEF0E750066DB30 /* Resources */,
			);
			buildRules = (
			);
			dependencies = (
			);
			name = "My University";
			productName = Schedule;
			productReference = C2B5CDEF1EEF0E750066DB30 /* My University.app */;
			productType = "com.apple.product-type.application";
		};
		DEAE5C46236A23B50086E734 /* MyUniversityTests */ = {
			isa = PBXNativeTarget;
			buildConfigurationList = DEAE5C4E236A23B50086E734 /* Build configuration list for PBXNativeTarget "MyUniversityTests" */;
			buildPhases = (
				DEAE5C43236A23B50086E734 /* Sources */,
				DEAE5C44236A23B50086E734 /* Frameworks */,
				DEAE5C45236A23B50086E734 /* Resources */,
			);
			buildRules = (
			);
			dependencies = (
				DEAE5C4D236A23B50086E734 /* PBXTargetDependency */,
			);
			name = MyUniversityTests;
			productName = MyUniversityTests;
			productReference = DEAE5C47236A23B50086E734 /* MyUniversityTests.xctest */;
			productType = "com.apple.product-type.bundle.unit-test";
		};
/* End PBXNativeTarget section */

/* Begin PBXProject section */
		C2B5CDE71EEF0E750066DB30 /* Project object */ = {
			isa = PBXProject;
			attributes = {
				LastSwiftUpdateCheck = 1110;
				LastUpgradeCheck = 1000;
				ORGANIZATIONNAME = "Yura Voevodin";
				TargetAttributes = {
					C2B5CDEE1EEF0E750066DB30 = {
						CreatedOnToolsVersion = 8.3.3;
						DevelopmentTeam = M2BF9ZE9NW;
						LastSwiftMigration = 1020;
						ProvisioningStyle = Automatic;
					};
					DEAE5C46236A23B50086E734 = {
						CreatedOnToolsVersion = 11.1;
						TestTargetID = C2B5CDEE1EEF0E750066DB30;
					};
				};
			};
			buildConfigurationList = C2B5CDEA1EEF0E750066DB30 /* Build configuration list for PBXProject "My University" */;
			compatibilityVersion = "Xcode 10.0";
			developmentRegion = en;
			hasScannedForEncodings = 0;
			knownRegions = (
				en,
				Base,
				uk,
			);
			mainGroup = C2B5CDE61EEF0E750066DB30;
			productRefGroup = C2B5CDF01EEF0E750066DB30 /* Products */;
			projectDirPath = "";
			projectRoot = "";
			targets = (
				C2B5CDEE1EEF0E750066DB30 /* My University */,
				DEAE5C46236A23B50086E734 /* MyUniversityTests */,
			);
		};
/* End PBXProject section */

/* Begin PBXResourcesBuildPhase section */
		C2B5CDED1EEF0E750066DB30 /* Resources */ = {
			isa = PBXResourcesBuildPhase;
			buildActionMask = 2147483647;
			files = (
				DEBB74B1235CE67700226C7E /* Universities.storyboard in Resources */,
				DE3D3013232BFAB60071BAC5 /* Web View.storyboard in Resources */,
				DE3DC048235E46E5007805DA /* Record Details.storyboard in Resources */,
				DEDA50ED218620E0006C7B27 /* Localizable.strings in Resources */,
				DE87B790235B9EEC0090B63E /* Initial.storyboard in Resources */,
				DE3EB6B5231B0AE7007EA63C /* About.storyboard in Resources */,
				DEBB74B9235CF3E100226C7E /* University.storyboard in Resources */,
				DEBB74B4235CEC5A00226C7E /* Launch Screen.storyboard in Resources */,
				DE017F9523622B0D0046D3ED /* Preferences.storyboard in Resources */,
				C2B5CDFD1EEF0E750066DB30 /* Assets.xcassets in Resources */,
				DE29D024232CE9980054B748 /* Information.storyboard in Resources */,
				DEDA50EA21862091006C7B27 /* InfoPlist.strings in Resources */,
				DE3EB6B8231B0C03007EA63C /* Date Picker.storyboard in Resources */,
			);
			runOnlyForDeploymentPostprocessing = 0;
		};
		DEAE5C45236A23B50086E734 /* Resources */ = {
			isa = PBXResourcesBuildPhase;
			buildActionMask = 2147483647;
			files = (
			);
			runOnlyForDeploymentPostprocessing = 0;
		};
/* End PBXResourcesBuildPhase section */

/* Begin PBXSourcesBuildPhase section */
		C2B5CDEB1EEF0E750066DB30 /* Sources */ = {
			isa = PBXSourcesBuildPhase;
			buildActionMask = 2147483647;
			files = (
				DE017F9723622BC70046D3ED /* PreferencesTableViewController.swift in Sources */,
				DE945AD22264D71B00143303 /* UniversitiesDataSource.swift in Sources */,
				DE945AC82264D11700143303 /* UniversityEntity+CoreDataProperties.swift in Sources */,
				DE18942221BD45E600C7F9DB /* ImportForAuditorium.swift in Sources */,
				DE3EB6C0231B2280007EA63C /* ActivityViewController.swift in Sources */,
				DE0D64082264E1330001FCCF /* UniversityViewController.swift in Sources */,
				DE18941921BC349400C7F9DB /* Record+NetworkClient.swift in Sources */,
				DE95523622A24A3600D70DA4 /* FavoritesDataSource.swift in Sources */,
				DE3D3011232BF2F00071BAC5 /* InformationTableViewController.swift in Sources */,
				DE999ABE227C54160018F725 /* UniversityDataSource.swift in Sources */,
				DE540EC02215CD840092FC81 /* Teacher+Import.swift in Sources */,
				DE540EBE2215CC5B0092FC81 /* TeacherEntity+CoreDataProperties.swift in Sources */,
				C22A2E551FC7644600587463 /* Record.swift in Sources */,
				C2B5CDFB1EEF0E750066DB30 /* Schedule.xcdatamodeld in Sources */,
				E44C69EB2296FCED00A0102D /* Date.swift in Sources */,
				C293559E1FBE246000071719 /* SearchResultsTableViewController.swift in Sources */,
				DE94500422C1345800550A1C /* TableMessageViewController.swift in Sources */,
				DE8B668121CAC91C00C43F81 /* Group+Import.swift in Sources */,
				C250C1831FBCD1CA00C90B53 /* AboutUsTableViewController.swift in Sources */,
				DEAB1D49230D575B008FBFE3 /* UITableView.swift in Sources */,
				DEBB74BB235CF4C300226C7E /* UniversitiesViewController.swift in Sources */,
				DE540EC82215DDB40092FC81 /* TeacherTableViewController.swift in Sources */,
				DE3A6638220230D800E64D6C /* Collection.swift in Sources */,
				DEBB74AD235CE51400226C7E /* SetViewControllerSegue.swift in Sources */,
				DE04D1F32370AA3200A18649 /* UserDefaultsKey.swift in Sources */,
				DE540EBD2215CC5B0092FC81 /* TeacherEntity+CoreDataClass.swift in Sources */,
				DE584C54219860E80099415E /* Auditorium.swift in Sources */,
				DEE576E7226B8B98008F9EB6 /* AuditoriumsTableViewController.swift in Sources */,
				DE540ECA2215DEC40092FC81 /* ImportForTeacher.swift in Sources */,
				DE945AC72264D11700143303 /* UniversityEntity+CoreDataClass.swift in Sources */,
				DE584C5F21986E740099415E /* AuditoriumEntity+CoreDataClass.swift in Sources */,
				C280894C1FB8D54A002B5676 /* GroupEntity+CoreDataProperties.swift in Sources */,
				DE6794352268976E0068087A /* GroupsTableViewController.swift in Sources */,
				DE8B668521CACE5600C43F81 /* Group+NetworkClient.swift in Sources */,
				DE18941E21BC3AD100C7F9DB /* AuditoriumTableViewController.swift in Sources */,
				DE95523422A249D500D70DA4 /* FavoritesViewController.swift in Sources */,
				DE540EC22215CDCD0092FC81 /* Teacher+NetworkClient.swift in Sources */,
				DE945ACE2264D2AA00143303 /* Universoty+NetworkClient.swift in Sources */,
				DE540EC42215CF9F0092FC81 /* TeacherDataSource.swift in Sources */,
				DE7AF21D22550B9D0043E927 /* WebViewController.swift in Sources */,
				DEBB74AA235CE1AC00226C7E /* Bundle.swift in Sources */,
				DE18942021BD457F00C7F9DB /* ImportForGroup.swift in Sources */,
				DE5A7E932219CCBF00CA9A79 /* RecordDetailedTableViewController.swift in Sources */,
				DEAB1D45230D5471008FBFE3 /* ReusableView.swift in Sources */,
				DE584C5C219869990099415E /* Auditorium+Import.swift in Sources */,
				DEE576E4226B7B9E008F9EB6 /* SearchableTableViewController.swift in Sources */,
				DE7B1D9F2269BCA5003E3028 /* GenericTableViewController.swift in Sources */,
				E48FD404231DB2E60049438F /* PersonalData.swift in Sources */,
				DE4AA07121A5DF0500E06FEA /* AuditoriumDataSource.swift in Sources */,
				DEAB1D47230D5487008FBFE3 /* NibLoadableView.swift in Sources */,
				DE13AF7F226A30D4009DF581 /* TeachersTableViewController.swift in Sources */,
				DE4AA07321A5E31900E06FEA /* GroupsDataSource.swift in Sources */,
				DE584C562198615F0099415E /* Teacher.swift in Sources */,
				C2B5CDF31EEF0E750066DB30 /* AppDelegate.swift in Sources */,
				DE04D1F72370B79F00A18649 /* UpdateHelper.swift in Sources */,
				C2C0E9B01FB8CDA00012FA9C /* Group.swift in Sources */,
				DE9E3F84235F8FB90067DDFE /* RecordTableViewCell.swift in Sources */,
				DE95523822A253D400D70DA4 /* UIBarButtonItem.swift in Sources */,
				DE945ACA2264D17C00143303 /* University.swift in Sources */,
				DE3EB6BA231B11F8007EA63C /* DateFormatter.swift in Sources */,
				DE8B668321CACDF800C43F81 /* Auditorium+NetworkClient.swift in Sources */,
				DE87B78E235B9E450090B63E /* InitialViewController.swift in Sources */,
				DE11A3B0230EA98B005131E8 /* DatePickerViewController.swift in Sources */,
				DE945ACC2264D27B00143303 /* University+Import.swift in Sources */,
				C280894B1FB8D54A002B5676 /* GroupEntity+CoreDataClass.swift in Sources */,
				DEEEEBE02205BC2C0072A19A /* Settings.swift in Sources */,
				DE584C6021986E740099415E /* AuditoriumEntity+CoreDataProperties.swift in Sources */,
				C22A2E581FC7664000587463 /* RecordEntity+CoreDataClass.swift in Sources */,
				DE18941C21BC3A3900C7F9DB /* GroupTableViewController.swift in Sources */,
				C22A2E591FC7664000587463 /* RecordEntity+CoreDataProperties.swift in Sources */,
			);
			runOnlyForDeploymentPostprocessing = 0;
		};
		DEAE5C43236A23B50086E734 /* Sources */ = {
			isa = PBXSourcesBuildPhase;
			buildActionMask = 2147483647;
			files = (
				DEAE5C4A236A23B50086E734 /* ImportProtocolTests.swift in Sources */,
			);
			runOnlyForDeploymentPostprocessing = 0;
		};
/* End PBXSourcesBuildPhase section */

/* Begin PBXTargetDependency section */
		DEAE5C4D236A23B50086E734 /* PBXTargetDependency */ = {
			isa = PBXTargetDependency;
			target = C2B5CDEE1EEF0E750066DB30 /* My University */;
			targetProxy = DEAE5C4C236A23B50086E734 /* PBXContainerItemProxy */;
		};
/* End PBXTargetDependency section */

/* Begin PBXVariantGroup section */
		DE3EB6B3231B0AE7007EA63C /* About.storyboard */ = {
			isa = PBXVariantGroup;
			children = (
				DE3EB6B4231B0AE7007EA63C /* Base */,
				DEFD9779231E7AA900FA5B7A /* uk */,
			);
			name = About.storyboard;
			sourceTree = "<group>";
		};
		DE3EB6B6231B0C03007EA63C /* Date Picker.storyboard */ = {
			isa = PBXVariantGroup;
			children = (
				DE3EB6B7231B0C03007EA63C /* Base */,
				DEFD977A231E7AA900FA5B7A /* uk */,
			);
			name = "Date Picker.storyboard";
			sourceTree = "<group>";
		};
		DEBB74AF235CE67700226C7E /* Universities.storyboard */ = {
			isa = PBXVariantGroup;
			children = (
				DEBB74B0235CE67700226C7E /* Base */,
			);
			name = Universities.storyboard;
			sourceTree = "<group>";
		};
		DEDA50E821862090006C7B27 /* InfoPlist.strings */ = {
			isa = PBXVariantGroup;
			children = (
				DEDA50E921862090006C7B27 /* uk */,
			);
			name = InfoPlist.strings;
			sourceTree = "<group>";
		};
		DEDA50EB218620E0006C7B27 /* Localizable.strings */ = {
			isa = PBXVariantGroup;
			children = (
				DEDA50EC218620E0006C7B27 /* uk */,
			);
			name = Localizable.strings;
			sourceTree = "<group>";
		};
/* End PBXVariantGroup section */

/* Begin XCBuildConfiguration section */
		C2B5CE021EEF0E750066DB30 /* Debug */ = {
			isa = XCBuildConfiguration;
			buildSettings = {
				ALWAYS_SEARCH_USER_PATHS = NO;
				CLANG_ANALYZER_LOCALIZABILITY_NONLOCALIZED = YES;
				CLANG_ANALYZER_NONNULL = YES;
				CLANG_ANALYZER_NUMBER_OBJECT_CONVERSION = YES_AGGRESSIVE;
				CLANG_CXX_LANGUAGE_STANDARD = "gnu++0x";
				CLANG_CXX_LIBRARY = "libc++";
				CLANG_ENABLE_MODULES = YES;
				CLANG_ENABLE_OBJC_ARC = YES;
				CLANG_WARN_BLOCK_CAPTURE_AUTORELEASING = YES;
				CLANG_WARN_BOOL_CONVERSION = YES;
				CLANG_WARN_COMMA = YES;
				CLANG_WARN_CONSTANT_CONVERSION = YES;
				CLANG_WARN_DEPRECATED_OBJC_IMPLEMENTATIONS = YES;
				CLANG_WARN_DIRECT_OBJC_ISA_USAGE = YES_ERROR;
				CLANG_WARN_DOCUMENTATION_COMMENTS = YES;
				CLANG_WARN_EMPTY_BODY = YES;
				CLANG_WARN_ENUM_CONVERSION = YES;
				CLANG_WARN_INFINITE_RECURSION = YES;
				CLANG_WARN_INT_CONVERSION = YES;
				CLANG_WARN_NON_LITERAL_NULL_CONVERSION = YES;
				CLANG_WARN_OBJC_IMPLICIT_RETAIN_SELF = YES;
				CLANG_WARN_OBJC_LITERAL_CONVERSION = YES;
				CLANG_WARN_OBJC_ROOT_CLASS = YES_ERROR;
				CLANG_WARN_RANGE_LOOP_ANALYSIS = YES;
				CLANG_WARN_STRICT_PROTOTYPES = YES;
				CLANG_WARN_SUSPICIOUS_MOVE = YES;
				CLANG_WARN_UNREACHABLE_CODE = YES;
				CLANG_WARN__DUPLICATE_METHOD_MATCH = YES;
				"CODE_SIGN_IDENTITY[sdk=iphoneos*]" = "iPhone Developer";
				COPY_PHASE_STRIP = NO;
				DEBUG_INFORMATION_FORMAT = dwarf;
				ENABLE_STRICT_OBJC_MSGSEND = YES;
				ENABLE_TESTABILITY = YES;
				GCC_C_LANGUAGE_STANDARD = gnu99;
				GCC_DYNAMIC_NO_PIC = NO;
				GCC_NO_COMMON_BLOCKS = YES;
				GCC_OPTIMIZATION_LEVEL = 0;
				GCC_PREPROCESSOR_DEFINITIONS = (
					"DEBUG=1",
					"$(inherited)",
				);
				GCC_WARN_64_TO_32_BIT_CONVERSION = YES;
				GCC_WARN_ABOUT_RETURN_TYPE = YES_ERROR;
				GCC_WARN_UNDECLARED_SELECTOR = YES;
				GCC_WARN_UNINITIALIZED_AUTOS = YES_AGGRESSIVE;
				GCC_WARN_UNUSED_FUNCTION = YES;
				GCC_WARN_UNUSED_VARIABLE = YES;
				IPHONEOS_DEPLOYMENT_TARGET = 13.0;
				MTL_ENABLE_DEBUG_INFO = YES;
				ONLY_ACTIVE_ARCH = YES;
				SDKROOT = iphoneos;
				SWIFT_ACTIVE_COMPILATION_CONDITIONS = DEBUG;
				SWIFT_OPTIMIZATION_LEVEL = "-Onone";
			};
			name = Debug;
		};
		C2B5CE031EEF0E750066DB30 /* Release */ = {
			isa = XCBuildConfiguration;
			buildSettings = {
				ALWAYS_SEARCH_USER_PATHS = NO;
				CLANG_ANALYZER_LOCALIZABILITY_NONLOCALIZED = YES;
				CLANG_ANALYZER_NONNULL = YES;
				CLANG_ANALYZER_NUMBER_OBJECT_CONVERSION = YES_AGGRESSIVE;
				CLANG_CXX_LANGUAGE_STANDARD = "gnu++0x";
				CLANG_CXX_LIBRARY = "libc++";
				CLANG_ENABLE_MODULES = YES;
				CLANG_ENABLE_OBJC_ARC = YES;
				CLANG_WARN_BLOCK_CAPTURE_AUTORELEASING = YES;
				CLANG_WARN_BOOL_CONVERSION = YES;
				CLANG_WARN_COMMA = YES;
				CLANG_WARN_CONSTANT_CONVERSION = YES;
				CLANG_WARN_DEPRECATED_OBJC_IMPLEMENTATIONS = YES;
				CLANG_WARN_DIRECT_OBJC_ISA_USAGE = YES_ERROR;
				CLANG_WARN_DOCUMENTATION_COMMENTS = YES;
				CLANG_WARN_EMPTY_BODY = YES;
				CLANG_WARN_ENUM_CONVERSION = YES;
				CLANG_WARN_INFINITE_RECURSION = YES;
				CLANG_WARN_INT_CONVERSION = YES;
				CLANG_WARN_NON_LITERAL_NULL_CONVERSION = YES;
				CLANG_WARN_OBJC_IMPLICIT_RETAIN_SELF = YES;
				CLANG_WARN_OBJC_LITERAL_CONVERSION = YES;
				CLANG_WARN_OBJC_ROOT_CLASS = YES_ERROR;
				CLANG_WARN_RANGE_LOOP_ANALYSIS = YES;
				CLANG_WARN_STRICT_PROTOTYPES = YES;
				CLANG_WARN_SUSPICIOUS_MOVE = YES;
				CLANG_WARN_UNREACHABLE_CODE = YES;
				CLANG_WARN__DUPLICATE_METHOD_MATCH = YES;
				"CODE_SIGN_IDENTITY[sdk=iphoneos*]" = "iPhone Developer";
				COPY_PHASE_STRIP = NO;
				DEBUG_INFORMATION_FORMAT = "dwarf-with-dsym";
				ENABLE_NS_ASSERTIONS = NO;
				ENABLE_STRICT_OBJC_MSGSEND = YES;
				GCC_C_LANGUAGE_STANDARD = gnu99;
				GCC_NO_COMMON_BLOCKS = YES;
				GCC_WARN_64_TO_32_BIT_CONVERSION = YES;
				GCC_WARN_ABOUT_RETURN_TYPE = YES_ERROR;
				GCC_WARN_UNDECLARED_SELECTOR = YES;
				GCC_WARN_UNINITIALIZED_AUTOS = YES_AGGRESSIVE;
				GCC_WARN_UNUSED_FUNCTION = YES;
				GCC_WARN_UNUSED_VARIABLE = YES;
				IPHONEOS_DEPLOYMENT_TARGET = 13.0;
				MTL_ENABLE_DEBUG_INFO = NO;
				SDKROOT = iphoneos;
				SWIFT_COMPILATION_MODE = wholemodule;
				SWIFT_OPTIMIZATION_LEVEL = "-O";
				VALIDATE_PRODUCT = YES;
			};
			name = Release;
		};
		C2B5CE051EEF0E750066DB30 /* Debug */ = {
			isa = XCBuildConfiguration;
			buildSettings = {
				ASSETCATALOG_COMPILER_APPICON_NAME = AppIcon;
				CURRENT_PROJECT_VERSION = 22;
				DEVELOPMENT_TEAM = M2BF9ZE9NW;
				INFOPLIST_FILE = "$(SRCROOT)/My University/Info.plist";
				LD_RUNPATH_SEARCH_PATHS = (
					"$(inherited)",
					"@executable_path/Frameworks",
				);
				MARKETING_VERSION = 1.5.1;
				PRODUCT_BUNDLE_IDENTIFIER = "ua.com.my-university";
				PRODUCT_NAME = "$(TARGET_NAME)";
				SERVER_BASE_URL = "http://localhost:3000";
				SWIFT_VERSION = 5.0;
			};
			name = Debug;
		};
		C2B5CE061EEF0E750066DB30 /* Release */ = {
			isa = XCBuildConfiguration;
			buildSettings = {
				ASSETCATALOG_COMPILER_APPICON_NAME = AppIcon;
				CURRENT_PROJECT_VERSION = 22;
				DEVELOPMENT_TEAM = M2BF9ZE9NW;
				INFOPLIST_FILE = "$(SRCROOT)/My University/Info.plist";
				LD_RUNPATH_SEARCH_PATHS = (
					"$(inherited)",
					"@executable_path/Frameworks",
				);
				MARKETING_VERSION = 1.5.1;
				PRODUCT_BUNDLE_IDENTIFIER = "ua.com.my-university";
				PRODUCT_NAME = "$(TARGET_NAME)";
				SERVER_BASE_URL = "https://my-university.com.ua";
				SWIFT_VERSION = 5.0;
			};
			name = Release;
		};
		DEAE5C4F236A23B50086E734 /* Debug */ = {
			isa = XCBuildConfiguration;
			buildSettings = {
				BUNDLE_LOADER = "$(TEST_HOST)";
				CLANG_CXX_LANGUAGE_STANDARD = "gnu++14";
				CLANG_ENABLE_OBJC_WEAK = YES;
				CLANG_WARN_UNGUARDED_AVAILABILITY = YES_AGGRESSIVE;
				CODE_SIGN_STYLE = Automatic;
				DEVELOPMENT_TEAM = M2BF9ZE9NW;
				GCC_C_LANGUAGE_STANDARD = gnu11;
				INFOPLIST_FILE = MyUniversityTests/Info.plist;
				IPHONEOS_DEPLOYMENT_TARGET = 13.1;
				LD_RUNPATH_SEARCH_PATHS = (
					"$(inherited)",
					"@executable_path/Frameworks",
					"@loader_path/Frameworks",
				);
				MTL_ENABLE_DEBUG_INFO = INCLUDE_SOURCE;
				MTL_FAST_MATH = YES;
				PRODUCT_BUNDLE_IDENTIFIER = "com.voevodin-yura.MyUniversityTests";
				PRODUCT_NAME = "$(TARGET_NAME)";
				SWIFT_VERSION = 5.0;
				TARGETED_DEVICE_FAMILY = "1,2";
				TEST_HOST = "$(BUILT_PRODUCTS_DIR)/My University.app/My University";
			};
			name = Debug;
		};
		DEAE5C50236A23B50086E734 /* Release */ = {
			isa = XCBuildConfiguration;
			buildSettings = {
				BUNDLE_LOADER = "$(TEST_HOST)";
				CLANG_CXX_LANGUAGE_STANDARD = "gnu++14";
				CLANG_ENABLE_OBJC_WEAK = YES;
				CLANG_WARN_UNGUARDED_AVAILABILITY = YES_AGGRESSIVE;
				CODE_SIGN_STYLE = Automatic;
				DEVELOPMENT_TEAM = M2BF9ZE9NW;
				GCC_C_LANGUAGE_STANDARD = gnu11;
				INFOPLIST_FILE = MyUniversityTests/Info.plist;
				IPHONEOS_DEPLOYMENT_TARGET = 13.1;
				LD_RUNPATH_SEARCH_PATHS = (
					"$(inherited)",
					"@executable_path/Frameworks",
					"@loader_path/Frameworks",
				);
				MTL_FAST_MATH = YES;
				PRODUCT_BUNDLE_IDENTIFIER = "com.voevodin-yura.MyUniversityTests";
				PRODUCT_NAME = "$(TARGET_NAME)";
				SWIFT_VERSION = 5.0;
				TARGETED_DEVICE_FAMILY = "1,2";
				TEST_HOST = "$(BUILT_PRODUCTS_DIR)/My University.app/My University";
			};
			name = Release;
		};
/* End XCBuildConfiguration section */

/* Begin XCConfigurationList section */
		C2B5CDEA1EEF0E750066DB30 /* Build configuration list for PBXProject "My University" */ = {
			isa = XCConfigurationList;
			buildConfigurations = (
				C2B5CE021EEF0E750066DB30 /* Debug */,
				C2B5CE031EEF0E750066DB30 /* Release */,
			);
			defaultConfigurationIsVisible = 0;
			defaultConfigurationName = Release;
		};
		C2B5CE041EEF0E750066DB30 /* Build configuration list for PBXNativeTarget "My University" */ = {
			isa = XCConfigurationList;
			buildConfigurations = (
				C2B5CE051EEF0E750066DB30 /* Debug */,
				C2B5CE061EEF0E750066DB30 /* Release */,
			);
			defaultConfigurationIsVisible = 0;
			defaultConfigurationName = Release;
		};
		DEAE5C4E236A23B50086E734 /* Build configuration list for PBXNativeTarget "MyUniversityTests" */ = {
			isa = XCConfigurationList;
			buildConfigurations = (
				DEAE5C4F236A23B50086E734 /* Debug */,
				DEAE5C50236A23B50086E734 /* Release */,
			);
			defaultConfigurationIsVisible = 0;
			defaultConfigurationName = Release;
		};
/* End XCConfigurationList section */

/* Begin XCVersionGroup section */
		C2B5CDF91EEF0E750066DB30 /* Schedule.xcdatamodeld */ = {
			isa = XCVersionGroup;
			children = (
				E47DD960229B1F3700137850 /* Schedule 3.xcdatamodel */,
				DE584C52219852430099415E /* Schedule 2.xcdatamodel */,
				C2B5CDFA1EEF0E750066DB30 /* Schedule.xcdatamodel */,
			);
			currentVersion = E47DD960229B1F3700137850 /* Schedule 3.xcdatamodel */;
			path = Schedule.xcdatamodeld;
			sourceTree = "<group>";
			versionGroupType = wrapper.xcdatamodel;
		};
/* End XCVersionGroup section */
	};
	rootObject = C2B5CDE71EEF0E750066DB30 /* Project object */;
}
